// !$*UTF8*$!
{
	archiveVersion = 1;
	classes = {
	};
	objectVersion = 46;
	objects = {

/* Begin PBXBuildFile section */
		7DDCB7501C6CEF0E00B9A21C /* AppDelegate.swift in Sources */ = {isa = PBXBuildFile; fileRef = 7DDCB74F1C6CEF0E00B9A21C /* AppDelegate.swift */; };
		7DDCB7521C6CEF0E00B9A21C /* MasterViewController.swift in Sources */ = {isa = PBXBuildFile; fileRef = 7DDCB7511C6CEF0E00B9A21C /* MasterViewController.swift */; };
		7DDCB7541C6CEF0E00B9A21C /* DetailViewController.swift in Sources */ = {isa = PBXBuildFile; fileRef = 7DDCB7531C6CEF0E00B9A21C /* DetailViewController.swift */; };
		7DDCB7571C6CEF0E00B9A21C /* Main.storyboard in Resources */ = {isa = PBXBuildFile; fileRef = 7DDCB7551C6CEF0E00B9A21C /* Main.storyboard */; };
		7DDCB7591C6CEF0E00B9A21C /* Assets.xcassets in Resources */ = {isa = PBXBuildFile; fileRef = 7DDCB7581C6CEF0E00B9A21C /* Assets.xcassets */; };
		7DDCB75C1C6CEF0E00B9A21C /* LaunchScreen.storyboard in Resources */ = {isa = PBXBuildFile; fileRef = 7DDCB75A1C6CEF0E00B9A21C /* LaunchScreen.storyboard */; };
		7DDCB7641C6CEF2800B9A21C /* toollist.plist in Resources */ = {isa = PBXBuildFile; fileRef = 7DDCB7631C6CEF2800B9A21C /* toollist.plist */; };
/* End PBXBuildFile section */

/* Begin PBXFileReference section */
		7DDCB74C1C6CEF0E00B9A21C /* Lab4.app */ = {isa = PBXFileReference; explicitFileType = wrapper.application; includeInIndex = 0; path = Lab4.app; sourceTree = BUILT_PRODUCTS_DIR; };
		7DDCB74F1C6CEF0E00B9A21C /* AppDelegate.swift */ = {isa = PBXFileReference; lastKnownFileType = sourcecode.swift; path = AppDelegate.swift; sourceTree = "<group>"; };
		7DDCB7511C6CEF0E00B9A21C /* MasterViewController.swift */ = {isa = PBXFileReference; lastKnownFileType = sourcecode.swift; path = MasterViewController.swift; sourceTree = "<group>"; };
		7DDCB7531C6CEF0E00B9A21C /* DetailViewController.swift */ = {isa = PBXFileReference; lastKnownFileType = sourcecode.swift; path = DetailViewController.swift; sourceTree = "<group>"; };
		7DDCB7561C6CEF0E00B9A21C /* Base */ = {isa = PBXFileReference; lastKnownFileType = file.storyboard; name = Base; path = Base.lproj/Main.storyboard; sourceTree = "<group>"; };
		7DDCB7581C6CEF0E00B9A21C /* Assets.xcassets */ = {isa = PBXFileReference; lastKnownFileType = folder.assetcatalog; path = Assets.xcassets; sourceTree = "<group>"; };
		7DDCB75B1C6CEF0E00B9A21C /* Base */ = {isa = PBXFileReference; lastKnownFileType = file.storyboard; name = Base; path = Base.lproj/LaunchScreen.storyboard; sourceTree = "<group>"; };
		7DDCB75D1C6CEF0E00B9A21C /* Info.plist */ = {isa = PBXFileReference; lastKnownFileType = text.plist.xml; path = Info.plist; sourceTree = "<group>"; };
		7DDCB7631C6CEF2800B9A21C /* toollist.plist */ = {isa = PBXFileReference; fileEncoding = 4; lastKnownFileType = text.plist.xml; path = toollist.plist; sourceTree = "<group>"; };
/* End PBXFileReference section */

/* Begin PBXFrameworksBuildPhase section */
		7DDCB7491C6CEF0E00B9A21C /* Frameworks */ = {
			isa = PBXFrameworksBuildPhase;
			buildActionMask = 2147483647;
			files = (
			);
			runOnlyForDeploymentPostprocessing = 0;
		};
/* End PBXFrameworksBuildPhase section */

/* Begin PBXGroup section */
		7DDCB7431C6CEF0E00B9A21C = {
			isa = PBXGroup;
			children = (
				7DDCB74E1C6CEF0E00B9A21C /* Lab4 */,
				7DDCB74D1C6CEF0E00B9A21C /* Products */,
			);
			sourceTree = "<group>";
		};
		7DDCB74D1C6CEF0E00B9A21C /* Products */ = {
			isa = PBXGroup;
			children = (
				7DDCB74C1C6CEF0E00B9A21C /* Lab4.app */,
			);
			name = Products;
			sourceTree = "<group>";
		};
		7DDCB74E1C6CEF0E00B9A21C /* Lab4 */ = {
			isa = PBXGroup;
			children = (
				7DDCB7631C6CEF2800B9A21C /* toollist.plist */,
				7DDCB74F1C6CEF0E00B9A21C /* AppDelegate.swift */,
				7DDCB7511C6CEF0E00B9A21C /* MasterViewController.swift */,
				7DDCB7531C6CEF0E00B9A21C /* DetailViewController.swift */,
				7DDCB7551C6CEF0E00B9A21C /* Main.storyboard */,
				7DDCB7581C6CEF0E00B9A21C /* Assets.xcassets */,
				7DDCB75A1C6CEF0E00B9A21C /* LaunchScreen.storyboard */,
				7DDCB75D1C6CEF0E00B9A21C /* Info.plist */,
			);
			path = Lab4;
			sourceTree = "<group>";
		};
/* End PBXGroup section */

/* Begin PBXNativeTarget section */
		7DDCB74B1C6CEF0E00B9A21C /* Lab4 */ = {
			isa = PBXNativeTarget;
			buildConfigurationList = 7DDCB7601C6CEF0E00B9A21C /* Build configuration list for PBXNativeTarget "Lab4" */;
			buildPhases = (
				7DDCB7481C6CEF0E00B9A21C /* Sources */,
				7DDCB7491C6CEF0E00B9A21C /* Frameworks */,
				7DDCB74A1C6CEF0E00B9A21C /* Resources */,
			);
			buildRules = (
			);
			dependencies = (
			);
			name = Lab4;
			productName = Lab4;
			productReference = 7DDCB74C1C6CEF0E00B9A21C /* Lab4.app */;
			productType = "com.apple.product-type.application";
		};
/* End PBXNativeTarget section */

/* Begin PBXProject section */
		7DDCB7441C6CEF0E00B9A21C /* Project object */ = {
			isa = PBXProject;
			attributes = {
				LastSwiftUpdateCheck = 0720;
				LastUpgradeCheck = 0720;
				ORGANIZATIONNAME = babyllama;
				TargetAttributes = {
					7DDCB74B1C6CEF0E00B9A21C = {
						CreatedOnToolsVersion = 7.2.1;
					};
				};
			};
			buildConfigurationList = 7DDCB7471C6CEF0E00B9A21C /* Build configuration list for PBXProject "Lab4" */;
			compatibilityVersion = "Xcode 3.2";
			developmentRegion = English;
			hasScannedForEncodings = 0;
			knownRegions = (
				en,
				Base,
			);
			mainGroup = 7DDCB7431C6CEF0E00B9A21C;
			productRefGroup = 7DDCB74D1C6CEF0E00B9A21C /* Products */;
			projectDirPath = "";
			projectRoot = "";
			targets = (
				7DDCB74B1C6CEF0E00B9A21C /* Lab4 */,
			);
		};
/* End PBXProject section */

/* Begin PBXResourcesBuildPhase section */
		7DDCB74A1C6CEF0E00B9A21C /* Resources */ = {
			isa = PBXResourcesBuildPhase;
			buildActionMask = 2147483647;
			files = (
				7DDCB75C1C6CEF0E00B9A21C /* LaunchScreen.storyboard in Resources */,
				7DDCB7591C6CEF0E00B9A21C /* Assets.xcassets in Resources */,
				7DDCB7571C6CEF0E00B9A21C /* Main.storyboard in Resources */,
				7DDCB7641C6CEF2800B9A21C /* toollist.plist in Resources */,
			);
			runOnlyForDeploymentPostprocessing = 0;
		};
/* End PBXResourcesBuildPhase section */

/* Begin PBXSourcesBuildPhase section */
		7DDCB7481C6CEF0E00B9A21C /* Sources */ = {
			isa = PBXSourcesBuildPhase;
			buildActionMask = 2147483647;
			files = (
				7DDCB7541C6CEF0E00B9A21C /* DetailViewController.swift in Sources */,
				7DDCB7521C6CEF0E00B9A21C /* MasterViewController.swift in Sources */,
				7DDCB7501C6CEF0E00B9A21C /* AppDelegate.swift in Sources */,
			);
			runOnlyForDeploymentPostprocessing = 0;
		};
/* End PBXSourcesBuildPhase section */

/* Begin PBXVariantGroup section */
		7DDCB7551C6CEF0E00B9A21C /* Main.storyboard */ = {
			isa = PBXVariantGroup;
			children = (
				7DDCB7561C6CEF0E00B9A21C /* Base */,
			);
			name = Main.storyboard;
			sourceTree = "<group>";
		};
		7DDCB75A1C6CEF0E00B9A21C /* LaunchScreen.storyboard */ = {
			isa = PBXVariantGroup;
			children = (
				7DDCB75B1C6CEF0E00B9A21C /* Base */,
			);
			name = LaunchScreen.storyboard;
			sourceTree = "<group>";
		};
/* End PBXVariantGroup section */

/* Begin XCBuildConfiguration section */
		7DDCB75E1C6CEF0E00B9A21C /* Debug */ = {
			isa = XCBuildConfiguration;
			buildSettings = {
				ALWAYS_SEARCH_USER_PATHS = NO;
				CLANG_CXX_LANGUAGE_STANDARD = "gnu++0x";
				CLANG_CXX_LIBRARY = "libc++";
				CLANG_ENABLE_MODULES = YES;
				CLANG_ENABLE_OBJC_ARC = YES;
				CLANG_WARN_BOOL_CONVERSION = YES;
				CLANG_WARN_CONSTANT_CONVERSION = YES;
				CLANG_WARN_DIRECT_OBJC_ISA_USAGE = YES_ERROR;
				CLANG_WARN_EMPTY_BODY = YES;
				CLANG_WARN_ENUM_CONVERSION = YES;
				CLANG_WARN_INT_CONVERSION = YES;
				CLANG_WARN_OBJC_ROOT_CLASS = YES_ERROR;
				CLANG_WARN_UNREACHABLE_CODE = YES;
				CLANG_WARN__DUPLICATE_METHOD_MATCH = YES;
				"CODE_SIGN_IDENTITY[sdk=iphoneos*]" = "iPhone Developer";
				COPY_PHASE_STRIP = NO;
				DEBUG_INFORMATION_FORMAT = dwarf;
				ENABLE_STRICT_OBJC_MSGSEND = YES;
				ENABLE_TESTABILITY = YES;
				GCC_C_LANGUAGE_STANDARD = gnu99;
				GCC_DYNAMIC_NO_PIC = NO;
				GCC_NO_COMMON_BLOCKS = YES;
				GCC_OPTIMIZATION_LEVEL = 0;
				GCC_PREPROCESSOR_DEFINITIONS = (
					"DEBUG=1",
					"$(inherited)",
				);
				GCC_WARN_64_TO_32_BIT_CONVERSION = YES;
				GCC_WARN_ABOUT_RETURN_TYPE = YES_ERROR;
				GCC_WARN_UNDECLARED_SELECTOR = YES;
				GCC_WARN_UNINITIALIZED_AUTOS = YES_AGGRESSIVE;
				GCC_WARN_UNUSED_FUNCTION = YES;
				GCC_WARN_UNUSED_VARIABLE = YES;
				IPHONEOS_DEPLOYMENT_TARGET = 9.2;
				MTL_ENABLE_DEBUG_INFO = YES;
				ONLY_ACTIVE_ARCH = YES;
				SDKROOT = iphoneos;
				SWIFT_OPTIMIZATION_LEVEL = "-Onone";
				TARGETED_DEVICE_FAMILY = "1,2";
			};
			name = Debug;
		};
		7DDCB75F1C6CEF0E00B9A21C /* Release */ = {
			isa = XCBuildConfiguration;
			buildSettings = {
				ALWAYS_SEARCH_USER_PATHS = NO;
				CLANG_CXX_LANGUAGE_STANDARD = "gnu++0x";
				CLANG_CXX_LIBRARY = "libc++";
				CLANG_ENABLE_MODULES = YES;
				CLANG_ENABLE_OBJC_ARC = YES;
				CLANG_WARN_BOOL_CONVERSION = YES;
				CLANG_WARN_CONSTANT_CONVERSION = YES;
				CLANG_WARN_DIRECT_OBJC_ISA_USAGE = YES_ERROR;
				CLANG_WARN_EMPTY_BODY = YES;
				CLANG_WARN_ENUM_CONVERSION = YES;
				CLANG_WARN_INT_CONVERSION = YES;
				CLANG_WARN_OBJC_ROOT_CLASS = YES_ERROR;
				CLANG_WARN_UNREACHABLE_CODE = YES;
				CLANG_WARN__DUPLICATE_METHOD_MATCH = YES;
				"CODE_SIGN_IDENTITY[sdk=iphoneos*]" = "iPhone Developer";
				COPY_PHASE_STRIP = NO;
				DEBUG_INFORMATION_FORMAT = "dwarf-with-dsym";
				ENABLE_NS_ASSERTIONS = NO;
				ENABLE_STRICT_OBJC_MSGSEND = YES;
				GCC_C_LANGUAGE_STANDARD = gnu99;
				GCC_NO_COMMON_BLOCKS = YES;
				GCC_WARN_64_TO_32_BIT_CONVERSION = YES;
				GCC_WARN_ABOUT_RETURN_TYPE = YES_ERROR;
				GCC_WARN_UNDECLARED_SELECTOR = YES;
				GCC_WARN_UNINITIALIZED_AUTOS = YES_AGGRESSIVE;
				GCC_WARN_UNUSED_FUNCTION = YES;
				GCC_WARN_UNUSED_VARIABLE = YES;
				IPHONEOS_DEPLOYMENT_TARGET = 9.2;
				MTL_ENABLE_DEBUG_INFO = NO;
				SDKROOT = iphoneos;
				TARGETED_DEVICE_FAMILY = "1,2";
				VALIDATE_PRODUCT = YES;
			};
			name = Release;
		};
		7DDCB7611C6CEF0E00B9A21C /* Debug */ = {
			isa = XCBuildConfiguration;
			buildSettings = {
				ASSETCATALOG_COMPILER_APPICON_NAME = AppIcon;
				INFOPLIST_FILE = Lab4/Info.plist;
				LD_RUNPATH_SEARCH_PATHS = "$(inherited) @executable_path/Frameworks";
				PRODUCT_BUNDLE_IDENTIFIER = jessie.Lab4;
				PRODUCT_NAME = "$(TARGET_NAME)";
			};
			name = Debug;
		};
		7DDCB7621C6CEF0E00B9A21C /* Release */ = {
			isa = XCBuildConfiguration;
			buildSettings = {
				ASSETCATALOG_COMPILER_APPICON_NAME = AppIcon;
				INFOPLIST_FILE = Lab4/Info.plist;
				LD_RUNPATH_SEARCH_PATHS = "$(inherited) @executable_path/Frameworks";
				PRODUCT_BUNDLE_IDENTIFIER = jessie.Lab4;
				PRODUCT_NAME = "$(TARGET_NAME)";
			};
			name = Release;
		};
/* End XCBuildConfiguration section */

/* Begin XCConfigurationList section */
		7DDCB7471C6CEF0E00B9A21C /* Build configuration list for PBXProject "Lab4" */ = {
			isa = XCConfigurationList;
			buildConfigurations = (
				7DDCB75E1C6CEF0E00B9A21C /* Debug */,
				7DDCB75F1C6CEF0E00B9A21C /* Release */,
			);
			defaultConfigurationIsVisible = 0;
			defaultConfigurationName = Release;
		};
		7DDCB7601C6CEF0E00B9A21C /* Build configuration list for PBXNativeTarget "Lab4" */ = {
			isa = XCConfigurationList;
			buildConfigurations = (
				7DDCB7611C6CEF0E00B9A21C /* Debug */,
				7DDCB7621C6CEF0E00B9A21C /* Release */,
			);
			defaultConfigurationIsVisible = 0;
		};
/* End XCConfigurationList section */
	};
	rootObject = 7DDCB7441C6CEF0E00B9A21C /* Project object */;
}
