// !$*UTF8*$!
{
	archiveVersion = 1;
	classes = {
	};
	objectVersion = 46;
	objects = {

/* Begin PBXBuildFile section */
		7D2B65851C59D7E9009A24B7 /* AppDelegate.swift in Sources */ = {isa = PBXBuildFile; fileRef = 7D2B65841C59D7E9009A24B7 /* AppDelegate.swift */; };
		7D2B65871C59D7E9009A24B7 /* ViewController.swift in Sources */ = {isa = PBXBuildFile; fileRef = 7D2B65861C59D7E9009A24B7 /* ViewController.swift */; };
		7D2B658A1C59D7E9009A24B7 /* Main.storyboard in Resources */ = {isa = PBXBuildFile; fileRef = 7D2B65881C59D7E9009A24B7 /* Main.storyboard */; };
		7D2B658C1C59D7E9009A24B7 /* Assets.xcassets in Resources */ = {isa = PBXBuildFile; fileRef = 7D2B658B1C59D7E9009A24B7 /* Assets.xcassets */; };
		7D2B658F1C59D7E9009A24B7 /* LaunchScreen.storyboard in Resources */ = {isa = PBXBuildFile; fileRef = 7D2B658D1C59D7E9009A24B7 /* LaunchScreen.storyboard */; };
		7D2B659A1C59D7E9009A24B7 /* Lab2Tests.swift in Sources */ = {isa = PBXBuildFile; fileRef = 7D2B65991C59D7E9009A24B7 /* Lab2Tests.swift */; };
		7D2B65A51C59D7E9009A24B7 /* Lab2UITests.swift in Sources */ = {isa = PBXBuildFile; fileRef = 7D2B65A41C59D7E9009A24B7 /* Lab2UITests.swift */; };
		7D2B65B51C59E830009A24B7 /* places.plist in Resources */ = {isa = PBXBuildFile; fileRef = 7D2B65B31C59E830009A24B7 /* places.plist */; };
		7D2B65B71C59F265009A24B7 /* SearchResultsController.swift in Sources */ = {isa = PBXBuildFile; fileRef = 7D2B65B61C59F265009A24B7 /* SearchResultsController.swift */; };
		7D2B65BB1C5A81EE009A24B7 /* HTTPRequest.swift in Sources */ = {isa = PBXBuildFile; fileRef = 7D2B65BA1C5A81EE009A24B7 /* HTTPRequest.swift */; };
		7D84B74C1C5C8FD00042E092 /* Places.swift in Sources */ = {isa = PBXBuildFile; fileRef = 7D84B74B1C5C8FD00042E092 /* Places.swift */; };
		7D84B74E1C5CC8AA0042E092 /* MapViewController.swift in Sources */ = {isa = PBXBuildFile; fileRef = 7D84B74D1C5CC8AA0042E092 /* MapViewController.swift */; };
		7D84B7501C5CC9490042E092 /* MapKit.framework in Frameworks */ = {isa = PBXBuildFile; fileRef = 7D84B74F1C5CC9490042E092 /* MapKit.framework */; };
		7D84B7521C5CC9540042E092 /* CoreLocation.framework in Frameworks */ = {isa = PBXBuildFile; fileRef = 7D84B7511C5CC9540042E092 /* CoreLocation.framework */; };
		7DCE5D801C5D97A600EC86EF /* latlong.plist in Resources */ = {isa = PBXBuildFile; fileRef = 7DCE5D7F1C5D97A600EC86EF /* latlong.plist */; };
/* End PBXBuildFile section */

/* Begin PBXContainerItemProxy section */
		7D2B65961C59D7E9009A24B7 /* PBXContainerItemProxy */ = {
			isa = PBXContainerItemProxy;
			containerPortal = 7D2B65791C59D7E9009A24B7 /* Project object */;
			proxyType = 1;
			remoteGlobalIDString = 7D2B65801C59D7E9009A24B7;
			remoteInfo = Lab2;
		};
		7D2B65A11C59D7E9009A24B7 /* PBXContainerItemProxy */ = {
			isa = PBXContainerItemProxy;
			containerPortal = 7D2B65791C59D7E9009A24B7 /* Project object */;
			proxyType = 1;
			remoteGlobalIDString = 7D2B65801C59D7E9009A24B7;
			remoteInfo = Lab2;
		};
/* End PBXContainerItemProxy section */

/* Begin PBXFileReference section */
		7D2B65811C59D7E9009A24B7 /* Lab2.app */ = {isa = PBXFileReference; explicitFileType = wrapper.application; includeInIndex = 0; path = Lab2.app; sourceTree = BUILT_PRODUCTS_DIR; };
		7D2B65841C59D7E9009A24B7 /* AppDelegate.swift */ = {isa = PBXFileReference; lastKnownFileType = sourcecode.swift; path = AppDelegate.swift; sourceTree = "<group>"; };
		7D2B65861C59D7E9009A24B7 /* ViewController.swift */ = {isa = PBXFileReference; lastKnownFileType = sourcecode.swift; path = ViewController.swift; sourceTree = "<group>"; };
		7D2B65891C59D7E9009A24B7 /* Base */ = {isa = PBXFileReference; lastKnownFileType = file.storyboard; name = Base; path = Base.lproj/Main.storyboard; sourceTree = "<group>"; };
		7D2B658B1C59D7E9009A24B7 /* Assets.xcassets */ = {isa = PBXFileReference; lastKnownFileType = folder.assetcatalog; path = Assets.xcassets; sourceTree = "<group>"; };
		7D2B658E1C59D7E9009A24B7 /* Base */ = {isa = PBXFileReference; lastKnownFileType = file.storyboard; name = Base; path = Base.lproj/LaunchScreen.storyboard; sourceTree = "<group>"; };
		7D2B65901C59D7E9009A24B7 /* Info.plist */ = {isa = PBXFileReference; lastKnownFileType = text.plist.xml; path = Info.plist; sourceTree = "<group>"; };
		7D2B65951C59D7E9009A24B7 /* Lab2Tests.xctest */ = {isa = PBXFileReference; explicitFileType = wrapper.cfbundle; includeInIndex = 0; path = Lab2Tests.xctest; sourceTree = BUILT_PRODUCTS_DIR; };
		7D2B65991C59D7E9009A24B7 /* Lab2Tests.swift */ = {isa = PBXFileReference; lastKnownFileType = sourcecode.swift; path = Lab2Tests.swift; sourceTree = "<group>"; };
		7D2B659B1C59D7E9009A24B7 /* Info.plist */ = {isa = PBXFileReference; lastKnownFileType = text.plist.xml; path = Info.plist; sourceTree = "<group>"; };
		7D2B65A01C59D7E9009A24B7 /* Lab2UITests.xctest */ = {isa = PBXFileReference; explicitFileType = wrapper.cfbundle; includeInIndex = 0; path = Lab2UITests.xctest; sourceTree = BUILT_PRODUCTS_DIR; };
		7D2B65A41C59D7E9009A24B7 /* Lab2UITests.swift */ = {isa = PBXFileReference; lastKnownFileType = sourcecode.swift; path = Lab2UITests.swift; sourceTree = "<group>"; };
		7D2B65A61C59D7E9009A24B7 /* Info.plist */ = {isa = PBXFileReference; lastKnownFileType = text.plist.xml; path = Info.plist; sourceTree = "<group>"; };
		7D2B65B31C59E830009A24B7 /* places.plist */ = {isa = PBXFileReference; fileEncoding = 4; lastKnownFileType = text.plist.xml; path = places.plist; sourceTree = "<group>"; };
		7D2B65B61C59F265009A24B7 /* SearchResultsController.swift */ = {isa = PBXFileReference; fileEncoding = 4; lastKnownFileType = sourcecode.swift; path = SearchResultsController.swift; sourceTree = "<group>"; };
		7D2B65BA1C5A81EE009A24B7 /* HTTPRequest.swift */ = {isa = PBXFileReference; fileEncoding = 4; lastKnownFileType = sourcecode.swift; path = HTTPRequest.swift; sourceTree = "<group>"; };
		7D84B74B1C5C8FD00042E092 /* Places.swift */ = {isa = PBXFileReference; fileEncoding = 4; lastKnownFileType = sourcecode.swift; path = Places.swift; sourceTree = "<group>"; };
		7D84B74D1C5CC8AA0042E092 /* MapViewController.swift */ = {isa = PBXFileReference; fileEncoding = 4; lastKnownFileType = sourcecode.swift; path = MapViewController.swift; sourceTree = "<group>"; };
		7D84B74F1C5CC9490042E092 /* MapKit.framework */ = {isa = PBXFileReference; lastKnownFileType = wrapper.framework; name = MapKit.framework; path = System/Library/Frameworks/MapKit.framework; sourceTree = SDKROOT; };
		7D84B7511C5CC9540042E092 /* CoreLocation.framework */ = {isa = PBXFileReference; lastKnownFileType = wrapper.framework; name = CoreLocation.framework; path = System/Library/Frameworks/CoreLocation.framework; sourceTree = SDKROOT; };
		7DCE5D7F1C5D97A600EC86EF /* latlong.plist */ = {isa = PBXFileReference; fileEncoding = 4; lastKnownFileType = text.plist.xml; path = latlong.plist; sourceTree = "<group>"; };
/* End PBXFileReference section */

/* Begin PBXFrameworksBuildPhase section */
		7D2B657E1C59D7E9009A24B7 /* Frameworks */ = {
			isa = PBXFrameworksBuildPhase;
			buildActionMask = 2147483647;
			files = (
				7D84B7521C5CC9540042E092 /* CoreLocation.framework in Frameworks */,
				7D84B7501C5CC9490042E092 /* MapKit.framework in Frameworks */,
			);
			runOnlyForDeploymentPostprocessing = 0;
		};
		7D2B65921C59D7E9009A24B7 /* Frameworks */ = {
			isa = PBXFrameworksBuildPhase;
			buildActionMask = 2147483647;
			files = (
			);
			runOnlyForDeploymentPostprocessing = 0;
		};
		7D2B659D1C59D7E9009A24B7 /* Frameworks */ = {
			isa = PBXFrameworksBuildPhase;
			buildActionMask = 2147483647;
			files = (
			);
			runOnlyForDeploymentPostprocessing = 0;
		};
/* End PBXFrameworksBuildPhase section */

/* Begin PBXGroup section */
		7D2B65781C59D7E9009A24B7 = {
			isa = PBXGroup;
			children = (
				7D84B7511C5CC9540042E092 /* CoreLocation.framework */,
				7D84B74F1C5CC9490042E092 /* MapKit.framework */,
				7D2B65831C59D7E9009A24B7 /* Lab2 */,
				7D2B65981C59D7E9009A24B7 /* Lab2Tests */,
				7D2B65A31C59D7E9009A24B7 /* Lab2UITests */,
				7D2B65821C59D7E9009A24B7 /* Products */,
			);
			sourceTree = "<group>";
		};
		7D2B65821C59D7E9009A24B7 /* Products */ = {
			isa = PBXGroup;
			children = (
				7D2B65811C59D7E9009A24B7 /* Lab2.app */,
				7D2B65951C59D7E9009A24B7 /* Lab2Tests.xctest */,
				7D2B65A01C59D7E9009A24B7 /* Lab2UITests.xctest */,
			);
			name = Products;
			sourceTree = "<group>";
		};
		7D2B65831C59D7E9009A24B7 /* Lab2 */ = {
			isa = PBXGroup;
			children = (
				7D2B65841C59D7E9009A24B7 /* AppDelegate.swift */,
				7D2B65861C59D7E9009A24B7 /* ViewController.swift */,
				7D84B74B1C5C8FD00042E092 /* Places.swift */,
				7D2B65BA1C5A81EE009A24B7 /* HTTPRequest.swift */,
				7D2B65B61C59F265009A24B7 /* SearchResultsController.swift */,
				7D2B65881C59D7E9009A24B7 /* Main.storyboard */,
				7D84B74D1C5CC8AA0042E092 /* MapViewController.swift */,
				7D2B65B31C59E830009A24B7 /* places.plist */,
				7DCE5D7F1C5D97A600EC86EF /* latlong.plist */,
				7D2B658B1C59D7E9009A24B7 /* Assets.xcassets */,
				7D2B658D1C59D7E9009A24B7 /* LaunchScreen.storyboard */,
				7D2B65901C59D7E9009A24B7 /* Info.plist */,
			);
			path = Lab2;
			sourceTree = "<group>";
		};
		7D2B65981C59D7E9009A24B7 /* Lab2Tests */ = {
			isa = PBXGroup;
			children = (
				7D2B65991C59D7E9009A24B7 /* Lab2Tests.swift */,
				7D2B659B1C59D7E9009A24B7 /* Info.plist */,
			);
			path = Lab2Tests;
			sourceTree = "<group>";
		};
		7D2B65A31C59D7E9009A24B7 /* Lab2UITests */ = {
			isa = PBXGroup;
			children = (
				7D2B65A41C59D7E9009A24B7 /* Lab2UITests.swift */,
				7D2B65A61C59D7E9009A24B7 /* Info.plist */,
			);
			path = Lab2UITests;
			sourceTree = "<group>";
		};
/* End PBXGroup section */

/* Begin PBXNativeTarget section */
		7D2B65801C59D7E9009A24B7 /* Lab2 */ = {
			isa = PBXNativeTarget;
			buildConfigurationList = 7D2B65A91C59D7E9009A24B7 /* Build configuration list for PBXNativeTarget "Lab2" */;
			buildPhases = (
				7D2B657D1C59D7E9009A24B7 /* Sources */,
				7D2B657E1C59D7E9009A24B7 /* Frameworks */,
				7D2B657F1C59D7E9009A24B7 /* Resources */,
			);
			buildRules = (
			);
			dependencies = (
			);
			name = Lab2;
			productName = Lab2;
			productReference = 7D2B65811C59D7E9009A24B7 /* Lab2.app */;
			productType = "com.apple.product-type.application";
		};
		7D2B65941C59D7E9009A24B7 /* Lab2Tests */ = {
			isa = PBXNativeTarget;
			buildConfigurationList = 7D2B65AC1C59D7E9009A24B7 /* Build configuration list for PBXNativeTarget "Lab2Tests" */;
			buildPhases = (
				7D2B65911C59D7E9009A24B7 /* Sources */,
				7D2B65921C59D7E9009A24B7 /* Frameworks */,
				7D2B65931C59D7E9009A24B7 /* Resources */,
			);
			buildRules = (
			);
			dependencies = (
				7D2B65971C59D7E9009A24B7 /* PBXTargetDependency */,
			);
			name = Lab2Tests;
			productName = Lab2Tests;
			productReference = 7D2B65951C59D7E9009A24B7 /* Lab2Tests.xctest */;
			productType = "com.apple.product-type.bundle.unit-test";
		};
		7D2B659F1C59D7E9009A24B7 /* Lab2UITests */ = {
			isa = PBXNativeTarget;
			buildConfigurationList = 7D2B65AF1C59D7E9009A24B7 /* Build configuration list for PBXNativeTarget "Lab2UITests" */;
			buildPhases = (
				7D2B659C1C59D7E9009A24B7 /* Sources */,
				7D2B659D1C59D7E9009A24B7 /* Frameworks */,
				7D2B659E1C59D7E9009A24B7 /* Resources */,
			);
			buildRules = (
			);
			dependencies = (
				7D2B65A21C59D7E9009A24B7 /* PBXTargetDependency */,
			);
			name = Lab2UITests;
			productName = Lab2UITests;
			productReference = 7D2B65A01C59D7E9009A24B7 /* Lab2UITests.xctest */;
			productType = "com.apple.product-type.bundle.ui-testing";
		};
/* End PBXNativeTarget section */

/* Begin PBXProject section */
		7D2B65791C59D7E9009A24B7 /* Project object */ = {
			isa = PBXProject;
			attributes = {
				LastSwiftUpdateCheck = 0720;
				LastUpgradeCheck = 0720;
				ORGANIZATIONNAME = babyllama;
				TargetAttributes = {
					7D2B65801C59D7E9009A24B7 = {
						CreatedOnToolsVersion = 7.2;
					};
					7D2B65941C59D7E9009A24B7 = {
						CreatedOnToolsVersion = 7.2;
						TestTargetID = 7D2B65801C59D7E9009A24B7;
					};
					7D2B659F1C59D7E9009A24B7 = {
						CreatedOnToolsVersion = 7.2;
						TestTargetID = 7D2B65801C59D7E9009A24B7;
					};
				};
			};
			buildConfigurationList = 7D2B657C1C59D7E9009A24B7 /* Build configuration list for PBXProject "Lab2" */;
			compatibilityVersion = "Xcode 3.2";
			developmentRegion = English;
			hasScannedForEncodings = 0;
			knownRegions = (
				en,
				Base,
			);
			mainGroup = 7D2B65781C59D7E9009A24B7;
			productRefGroup = 7D2B65821C59D7E9009A24B7 /* Products */;
			projectDirPath = "";
			projectRoot = "";
			targets = (
				7D2B65801C59D7E9009A24B7 /* Lab2 */,
				7D2B65941C59D7E9009A24B7 /* Lab2Tests */,
				7D2B659F1C59D7E9009A24B7 /* Lab2UITests */,
			);
		};
/* End PBXProject section */

/* Begin PBXResourcesBuildPhase section */
		7D2B657F1C59D7E9009A24B7 /* Resources */ = {
			isa = PBXResourcesBuildPhase;
			buildActionMask = 2147483647;
			files = (
				7D2B65B51C59E830009A24B7 /* places.plist in Resources */,
				7DCE5D801C5D97A600EC86EF /* latlong.plist in Resources */,
				7D2B658F1C59D7E9009A24B7 /* LaunchScreen.storyboard in Resources */,
				7D2B658C1C59D7E9009A24B7 /* Assets.xcassets in Resources */,
				7D2B658A1C59D7E9009A24B7 /* Main.storyboard in Resources */,
			);
			runOnlyForDeploymentPostprocessing = 0;
		};
		7D2B65931C59D7E9009A24B7 /* Resources */ = {
			isa = PBXResourcesBuildPhase;
			buildActionMask = 2147483647;
			files = (
			);
			runOnlyForDeploymentPostprocessing = 0;
		};
		7D2B659E1C59D7E9009A24B7 /* Resources */ = {
			isa = PBXResourcesBuildPhase;
			buildActionMask = 2147483647;
			files = (
			);
			runOnlyForDeploymentPostprocessing = 0;
		};
/* End PBXResourcesBuildPhase section */

/* Begin PBXSourcesBuildPhase section */
		7D2B657D1C59D7E9009A24B7 /* Sources */ = {
			isa = PBXSourcesBuildPhase;
			buildActionMask = 2147483647;
			files = (
				7D84B74C1C5C8FD00042E092 /* Places.swift in Sources */,
				7D84B74E1C5CC8AA0042E092 /* MapViewController.swift in Sources */,
				7D2B65871C59D7E9009A24B7 /* ViewController.swift in Sources */,
				7D2B65BB1C5A81EE009A24B7 /* HTTPRequest.swift in Sources */,
				7D2B65B71C59F265009A24B7 /* SearchResultsController.swift in Sources */,
				7D2B65851C59D7E9009A24B7 /* AppDelegate.swift in Sources */,
			);
			runOnlyForDeploymentPostprocessing = 0;
		};
		7D2B65911C59D7E9009A24B7 /* Sources */ = {
			isa = PBXSourcesBuildPhase;
			buildActionMask = 2147483647;
			files = (
				7D2B659A1C59D7E9009A24B7 /* Lab2Tests.swift in Sources */,
			);
			runOnlyForDeploymentPostprocessing = 0;
		};
		7D2B659C1C59D7E9009A24B7 /* Sources */ = {
			isa = PBXSourcesBuildPhase;
			buildActionMask = 2147483647;
			files = (
				7D2B65A51C59D7E9009A24B7 /* Lab2UITests.swift in Sources */,
			);
			runOnlyForDeploymentPostprocessing = 0;
		};
/* End PBXSourcesBuildPhase section */

/* Begin PBXTargetDependency section */
		7D2B65971C59D7E9009A24B7 /* PBXTargetDependency */ = {
			isa = PBXTargetDependency;
			target = 7D2B65801C59D7E9009A24B7 /* Lab2 */;
			targetProxy = 7D2B65961C59D7E9009A24B7 /* PBXContainerItemProxy */;
		};
		7D2B65A21C59D7E9009A24B7 /* PBXTargetDependency */ = {
			isa = PBXTargetDependency;
			target = 7D2B65801C59D7E9009A24B7 /* Lab2 */;
			targetProxy = 7D2B65A11C59D7E9009A24B7 /* PBXContainerItemProxy */;
		};
/* End PBXTargetDependency section */

/* Begin PBXVariantGroup section */
		7D2B65881C59D7E9009A24B7 /* Main.storyboard */ = {
			isa = PBXVariantGroup;
			children = (
				7D2B65891C59D7E9009A24B7 /* Base */,
			);
			name = Main.storyboard;
			sourceTree = "<group>";
		};
		7D2B658D1C59D7E9009A24B7 /* LaunchScreen.storyboard */ = {
			isa = PBXVariantGroup;
			children = (
				7D2B658E1C59D7E9009A24B7 /* Base */,
			);
			name = LaunchScreen.storyboard;
			sourceTree = "<group>";
		};
/* End PBXVariantGroup section */

/* Begin XCBuildConfiguration section */
		7D2B65A71C59D7E9009A24B7 /* Debug */ = {
			isa = XCBuildConfiguration;
			buildSettings = {
				ALWAYS_SEARCH_USER_PATHS = NO;
				CLANG_CXX_LANGUAGE_STANDARD = "gnu++0x";
				CLANG_CXX_LIBRARY = "libc++";
				CLANG_ENABLE_MODULES = YES;
				CLANG_ENABLE_OBJC_ARC = YES;
				CLANG_WARN_BOOL_CONVERSION = YES;
				CLANG_WARN_CONSTANT_CONVERSION = YES;
				CLANG_WARN_DIRECT_OBJC_ISA_USAGE = YES_ERROR;
				CLANG_WARN_EMPTY_BODY = YES;
				CLANG_WARN_ENUM_CONVERSION = YES;
				CLANG_WARN_INT_CONVERSION = YES;
				CLANG_WARN_OBJC_ROOT_CLASS = YES_ERROR;
				CLANG_WARN_UNREACHABLE_CODE = YES;
				CLANG_WARN__DUPLICATE_METHOD_MATCH = YES;
				"CODE_SIGN_IDENTITY[sdk=iphoneos*]" = "iPhone Developer";
				COPY_PHASE_STRIP = NO;
				DEBUG_INFORMATION_FORMAT = dwarf;
				ENABLE_STRICT_OBJC_MSGSEND = YES;
				ENABLE_TESTABILITY = YES;
				GCC_C_LANGUAGE_STANDARD = gnu99;
				GCC_DYNAMIC_NO_PIC = NO;
				GCC_NO_COMMON_BLOCKS = YES;
				GCC_OPTIMIZATION_LEVEL = 0;
				GCC_PREPROCESSOR_DEFINITIONS = (
					"DEBUG=1",
					"$(inherited)",
				);
				GCC_WARN_64_TO_32_BIT_CONVERSION = YES;
				GCC_WARN_ABOUT_RETURN_TYPE = YES_ERROR;
				GCC_WARN_UNDECLARED_SELECTOR = YES;
				GCC_WARN_UNINITIALIZED_AUTOS = YES_AGGRESSIVE;
				GCC_WARN_UNUSED_FUNCTION = YES;
				GCC_WARN_UNUSED_VARIABLE = YES;
				IPHONEOS_DEPLOYMENT_TARGET = 9.2;
				MTL_ENABLE_DEBUG_INFO = YES;
				ONLY_ACTIVE_ARCH = YES;
				SDKROOT = iphoneos;
				SWIFT_OPTIMIZATION_LEVEL = "-Onone";
			};
			name = Debug;
		};
		7D2B65A81C59D7E9009A24B7 /* Release */ = {
			isa = XCBuildConfiguration;
			buildSettings = {
				ALWAYS_SEARCH_USER_PATHS = NO;
				CLANG_CXX_LANGUAGE_STANDARD = "gnu++0x";
				CLANG_CXX_LIBRARY = "libc++";
				CLANG_ENABLE_MODULES = YES;
				CLANG_ENABLE_OBJC_ARC = YES;
				CLANG_WARN_BOOL_CONVERSION = YES;
				CLANG_WARN_CONSTANT_CONVERSION = YES;
				CLANG_WARN_DIRECT_OBJC_ISA_USAGE = YES_ERROR;
				CLANG_WARN_EMPTY_BODY = YES;
				CLANG_WARN_ENUM_CONVERSION = YES;
				CLANG_WARN_INT_CONVERSION = YES;
				CLANG_WARN_OBJC_ROOT_CLASS = YES_ERROR;
				CLANG_WARN_UNREACHABLE_CODE = YES;
				CLANG_WARN__DUPLICATE_METHOD_MATCH = YES;
				"CODE_SIGN_IDENTITY[sdk=iphoneos*]" = "iPhone Developer";
				COPY_PHASE_STRIP = NO;
				DEBUG_INFORMATION_FORMAT = "dwarf-with-dsym";
				ENABLE_NS_ASSERTIONS = NO;
				ENABLE_STRICT_OBJC_MSGSEND = YES;
				GCC_C_LANGUAGE_STANDARD = gnu99;
				GCC_NO_COMMON_BLOCKS = YES;
				GCC_WARN_64_TO_32_BIT_CONVERSION = YES;
				GCC_WARN_ABOUT_RETURN_TYPE = YES_ERROR;
				GCC_WARN_UNDECLARED_SELECTOR = YES;
				GCC_WARN_UNINITIALIZED_AUTOS = YES_AGGRESSIVE;
				GCC_WARN_UNUSED_FUNCTION = YES;
				GCC_WARN_UNUSED_VARIABLE = YES;
				IPHONEOS_DEPLOYMENT_TARGET = 9.2;
				MTL_ENABLE_DEBUG_INFO = NO;
				SDKROOT = iphoneos;
				VALIDATE_PRODUCT = YES;
			};
			name = Release;
		};
		7D2B65AA1C59D7E9009A24B7 /* Debug */ = {
			isa = XCBuildConfiguration;
			buildSettings = {
				ASSETCATALOG_COMPILER_APPICON_NAME = AppIcon;
				INFOPLIST_FILE = Lab2/Info.plist;
				LD_RUNPATH_SEARCH_PATHS = "$(inherited) @executable_path/Frameworks";
				PRODUCT_BUNDLE_IDENTIFIER = jessie.Lab2;
				PRODUCT_NAME = "$(TARGET_NAME)";
			};
			name = Debug;
		};
		7D2B65AB1C59D7E9009A24B7 /* Release */ = {
			isa = XCBuildConfiguration;
			buildSettings = {
				ASSETCATALOG_COMPILER_APPICON_NAME = AppIcon;
				INFOPLIST_FILE = Lab2/Info.plist;
				LD_RUNPATH_SEARCH_PATHS = "$(inherited) @executable_path/Frameworks";
				PRODUCT_BUNDLE_IDENTIFIER = jessie.Lab2;
				PRODUCT_NAME = "$(TARGET_NAME)";
			};
			name = Release;
		};
		7D2B65AD1C59D7E9009A24B7 /* Debug */ = {
			isa = XCBuildConfiguration;
			buildSettings = {
				BUNDLE_LOADER = "$(TEST_HOST)";
				INFOPLIST_FILE = Lab2Tests/Info.plist;
				LD_RUNPATH_SEARCH_PATHS = "$(inherited) @executable_path/Frameworks @loader_path/Frameworks";
				PRODUCT_BUNDLE_IDENTIFIER = jessie.Lab2Tests;
				PRODUCT_NAME = "$(TARGET_NAME)";
				TEST_HOST = "$(BUILT_PRODUCTS_DIR)/Lab2.app/Lab2";
			};
			name = Debug;
		};
		7D2B65AE1C59D7E9009A24B7 /* Release */ = {
			isa = XCBuildConfiguration;
			buildSettings = {
				BUNDLE_LOADER = "$(TEST_HOST)";
				INFOPLIST_FILE = Lab2Tests/Info.plist;
				LD_RUNPATH_SEARCH_PATHS = "$(inherited) @executable_path/Frameworks @loader_path/Frameworks";
				PRODUCT_BUNDLE_IDENTIFIER = jessie.Lab2Tests;
				PRODUCT_NAME = "$(TARGET_NAME)";
				TEST_HOST = "$(BUILT_PRODUCTS_DIR)/Lab2.app/Lab2";
			};
			name = Release;
		};
		7D2B65B01C59D7E9009A24B7 /* Debug */ = {
			isa = XCBuildConfiguration;
			buildSettings = {
				INFOPLIST_FILE = Lab2UITests/Info.plist;
				LD_RUNPATH_SEARCH_PATHS = "$(inherited) @executable_path/Frameworks @loader_path/Frameworks";
				PRODUCT_BUNDLE_IDENTIFIER = jessie.Lab2UITests;
				PRODUCT_NAME = "$(TARGET_NAME)";
				TEST_TARGET_NAME = Lab2;
				USES_XCTRUNNER = YES;
			};
			name = Debug;
		};
		7D2B65B11C59D7E9009A24B7 /* Release */ = {
			isa = XCBuildConfiguration;
			buildSettings = {
				INFOPLIST_FILE = Lab2UITests/Info.plist;
				LD_RUNPATH_SEARCH_PATHS = "$(inherited) @executable_path/Frameworks @loader_path/Frameworks";
				PRODUCT_BUNDLE_IDENTIFIER = jessie.Lab2UITests;
				PRODUCT_NAME = "$(TARGET_NAME)";
				TEST_TARGET_NAME = Lab2;
				USES_XCTRUNNER = YES;
			};
			name = Release;
		};
/* End XCBuildConfiguration section */

/* Begin XCConfigurationList section */
		7D2B657C1C59D7E9009A24B7 /* Build configuration list for PBXProject "Lab2" */ = {
			isa = XCConfigurationList;
			buildConfigurations = (
				7D2B65A71C59D7E9009A24B7 /* Debug */,
				7D2B65A81C59D7E9009A24B7 /* Release */,
			);
			defaultConfigurationIsVisible = 0;
			defaultConfigurationName = Release;
		};
		7D2B65A91C59D7E9009A24B7 /* Build configuration list for PBXNativeTarget "Lab2" */ = {
			isa = XCConfigurationList;
			buildConfigurations = (
				7D2B65AA1C59D7E9009A24B7 /* Debug */,
				7D2B65AB1C59D7E9009A24B7 /* Release */,
			);
			defaultConfigurationIsVisible = 0;
			defaultConfigurationName = Release;
		};
		7D2B65AC1C59D7E9009A24B7 /* Build configuration list for PBXNativeTarget "Lab2Tests" */ = {
			isa = XCConfigurationList;
			buildConfigurations = (
				7D2B65AD1C59D7E9009A24B7 /* Debug */,
				7D2B65AE1C59D7E9009A24B7 /* Release */,
			);
			defaultConfigurationIsVisible = 0;
			defaultConfigurationName = Release;
		};
		7D2B65AF1C59D7E9009A24B7 /* Build configuration list for PBXNativeTarget "Lab2UITests" */ = {
			isa = XCConfigurationList;
			buildConfigurations = (
				7D2B65B01C59D7E9009A24B7 /* Debug */,
				7D2B65B11C59D7E9009A24B7 /* Release */,
			);
			defaultConfigurationIsVisible = 0;
			defaultConfigurationName = Release;
		};
/* End XCConfigurationList section */
	};
	rootObject = 7D2B65791C59D7E9009A24B7 /* Project object */;
}
