// !$*UTF8*$!
{
	archiveVersion = 1;
	classes = {
	};
	objectVersion = 46;
	objects = {

/* Begin PBXBuildFile section */
		7D101E641C84D7E700E51F31 /* AppDelegate.swift in Sources */ = {isa = PBXBuildFile; fileRef = 7D101E631C84D7E700E51F31 /* AppDelegate.swift */; };
		7D101E661C84D7E700E51F31 /* FirstViewController.swift in Sources */ = {isa = PBXBuildFile; fileRef = 7D101E651C84D7E700E51F31 /* FirstViewController.swift */; };
		7D101E681C84D7E700E51F31 /* SecondViewController.swift in Sources */ = {isa = PBXBuildFile; fileRef = 7D101E671C84D7E700E51F31 /* SecondViewController.swift */; };
		7D101E6D1C84D7E700E51F31 /* Assets.xcassets in Resources */ = {isa = PBXBuildFile; fileRef = 7D101E6C1C84D7E700E51F31 /* Assets.xcassets */; };
		7D101E701C84D7E700E51F31 /* LaunchScreen.storyboard in Resources */ = {isa = PBXBuildFile; fileRef = 7D101E6E1C84D7E700E51F31 /* LaunchScreen.storyboard */; };
		7D101E781C84E07F00E51F31 /* MapKit.framework in Frameworks */ = {isa = PBXBuildFile; fileRef = 7D101E771C84E07F00E51F31 /* MapKit.framework */; };
		7D101E7A1C84E08500E51F31 /* CoreLocation.framework in Frameworks */ = {isa = PBXBuildFile; fileRef = 7D101E791C84E08500E51F31 /* CoreLocation.framework */; };
		7D2998321C9FB84A009E8862 /* ThirdViewController.swift in Sources */ = {isa = PBXBuildFile; fileRef = 7D2998311C9FB84A009E8862 /* ThirdViewController.swift */; };
		7D2998341C9FB85E009E8862 /* SmallViewController.swift in Sources */ = {isa = PBXBuildFile; fileRef = 7D2998331C9FB85E009E8862 /* SmallViewController.swift */; };
		7D2998361C9FB8CD009E8862 /* small.swift in Sources */ = {isa = PBXBuildFile; fileRef = 7D2998351C9FB8CD009E8862 /* small.swift */; };
		7D4625C41CBE9D4A005DC3ED /* MapViewController.swift in Sources */ = {isa = PBXBuildFile; fileRef = 7D4625C31CBE9D4A005DC3ED /* MapViewController.swift */; };
		7D4BCDCE1CA6267C0030EDEB /* NoConnection.xib in Resources */ = {isa = PBXBuildFile; fileRef = 7D4BCDCD1CA6267C0030EDEB /* NoConnection.xib */; };
		7D4EE2341CB6AF6D007F97FF /* CheckConnection.swift in Sources */ = {isa = PBXBuildFile; fileRef = 7D4EE2331CB6AF6D007F97FF /* CheckConnection.swift */; };
		7D4EE2361CB6B263007F97FF /* MainViewController.swift in Sources */ = {isa = PBXBuildFile; fileRef = 7D4EE2351CB6B263007F97FF /* MainViewController.swift */; };
		7D504D841C855DB200452FAC /* dog.swift in Sources */ = {isa = PBXBuildFile; fileRef = 7D504D831C855DB200452FAC /* dog.swift */; };
		7D8302AB1C860341007CBACB /* DogViewController.swift in Sources */ = {isa = PBXBuildFile; fileRef = 7D8302AA1C860341007CBACB /* DogViewController.swift */; };
		7D8302AD1C8607FC007CBACB /* Main.storyboard in Resources */ = {isa = PBXBuildFile; fileRef = 7D8302AC1C8607FC007CBACB /* Main.storyboard */; };
		7DB7ED011CA7AEC000C968AF /* SearchResultsController.swift in Sources */ = {isa = PBXBuildFile; fileRef = 7DB7ED001CA7AEC000C968AF /* SearchResultsController.swift */; };
		7DC3C0F61C8B9AA7008D1FA7 /* CatViewController.swift in Sources */ = {isa = PBXBuildFile; fileRef = 7DC3C0F51C8B9AA7008D1FA7 /* CatViewController.swift */; };
		7DC3C0F81C8B9BA5008D1FA7 /* cat.swift in Sources */ = {isa = PBXBuildFile; fileRef = 7DC3C0F71C8B9BA5008D1FA7 /* cat.swift */; };
/* End PBXBuildFile section */

/* Begin PBXFileReference section */
		7D101E601C84D7E700E51F31 /* ProjectOne.app */ = {isa = PBXFileReference; explicitFileType = wrapper.application; includeInIndex = 0; path = ProjectOne.app; sourceTree = BUILT_PRODUCTS_DIR; };
		7D101E631C84D7E700E51F31 /* AppDelegate.swift */ = {isa = PBXFileReference; lastKnownFileType = sourcecode.swift; path = AppDelegate.swift; sourceTree = "<group>"; };
		7D101E651C84D7E700E51F31 /* FirstViewController.swift */ = {isa = PBXFileReference; lastKnownFileType = sourcecode.swift; path = FirstViewController.swift; sourceTree = "<group>"; };
		7D101E671C84D7E700E51F31 /* SecondViewController.swift */ = {isa = PBXFileReference; lastKnownFileType = sourcecode.swift; path = SecondViewController.swift; sourceTree = "<group>"; };
		7D101E6C1C84D7E700E51F31 /* Assets.xcassets */ = {isa = PBXFileReference; lastKnownFileType = folder.assetcatalog; path = Assets.xcassets; sourceTree = "<group>"; };
		7D101E6F1C84D7E700E51F31 /* Base */ = {isa = PBXFileReference; lastKnownFileType = file.storyboard; name = Base; path = Base.lproj/LaunchScreen.storyboard; sourceTree = "<group>"; };
		7D101E711C84D7E700E51F31 /* Info.plist */ = {isa = PBXFileReference; lastKnownFileType = text.plist.xml; path = Info.plist; sourceTree = "<group>"; };
		7D101E771C84E07F00E51F31 /* MapKit.framework */ = {isa = PBXFileReference; lastKnownFileType = wrapper.framework; name = MapKit.framework; path = System/Library/Frameworks/MapKit.framework; sourceTree = SDKROOT; };
		7D101E791C84E08500E51F31 /* CoreLocation.framework */ = {isa = PBXFileReference; lastKnownFileType = wrapper.framework; name = CoreLocation.framework; path = System/Library/Frameworks/CoreLocation.framework; sourceTree = SDKROOT; };
		7D2998311C9FB84A009E8862 /* ThirdViewController.swift */ = {isa = PBXFileReference; fileEncoding = 4; lastKnownFileType = sourcecode.swift; path = ThirdViewController.swift; sourceTree = "<group>"; };
		7D2998331C9FB85E009E8862 /* SmallViewController.swift */ = {isa = PBXFileReference; fileEncoding = 4; lastKnownFileType = sourcecode.swift; path = SmallViewController.swift; sourceTree = "<group>"; };
		7D2998351C9FB8CD009E8862 /* small.swift */ = {isa = PBXFileReference; fileEncoding = 4; lastKnownFileType = sourcecode.swift; path = small.swift; sourceTree = "<group>"; };
		7D4625C31CBE9D4A005DC3ED /* MapViewController.swift */ = {isa = PBXFileReference; fileEncoding = 4; lastKnownFileType = sourcecode.swift; name = MapViewController.swift; path = ../MapViewController.swift; sourceTree = "<group>"; };
		7D4BCDCD1CA6267C0030EDEB /* NoConnection.xib */ = {isa = PBXFileReference; fileEncoding = 4; lastKnownFileType = file.xib; path = NoConnection.xib; sourceTree = "<group>"; };
		7D4EE2331CB6AF6D007F97FF /* CheckConnection.swift */ = {isa = PBXFileReference; fileEncoding = 4; lastKnownFileType = sourcecode.swift; path = CheckConnection.swift; sourceTree = "<group>"; };
		7D4EE2351CB6B263007F97FF /* MainViewController.swift */ = {isa = PBXFileReference; fileEncoding = 4; lastKnownFileType = sourcecode.swift; path = MainViewController.swift; sourceTree = "<group>"; };
		7D504D831C855DB200452FAC /* dog.swift */ = {isa = PBXFileReference; fileEncoding = 4; lastKnownFileType = sourcecode.swift; path = dog.swift; sourceTree = "<group>"; };
		7D8302AA1C860341007CBACB /* DogViewController.swift */ = {isa = PBXFileReference; fileEncoding = 4; lastKnownFileType = sourcecode.swift; path = DogViewController.swift; sourceTree = "<group>"; };
		7D8302AC1C8607FC007CBACB /* Main.storyboard */ = {isa = PBXFileReference; fileEncoding = 4; lastKnownFileType = file.storyboard; path = Main.storyboard; sourceTree = "<group>"; };
		7DB7ED001CA7AEC000C968AF /* SearchResultsController.swift */ = {isa = PBXFileReference; fileEncoding = 4; lastKnownFileType = sourcecode.swift; path = SearchResultsController.swift; sourceTree = "<group>"; };
		7DC3C0F51C8B9AA7008D1FA7 /* CatViewController.swift */ = {isa = PBXFileReference; fileEncoding = 4; lastKnownFileType = sourcecode.swift; path = CatViewController.swift; sourceTree = "<group>"; };
		7DC3C0F71C8B9BA5008D1FA7 /* cat.swift */ = {isa = PBXFileReference; fileEncoding = 4; lastKnownFileType = sourcecode.swift; path = cat.swift; sourceTree = "<group>"; };
/* End PBXFileReference section */

/* Begin PBXFrameworksBuildPhase section */
		7D101E5D1C84D7E700E51F31 /* Frameworks */ = {
			isa = PBXFrameworksBuildPhase;
			buildActionMask = 2147483647;
			files = (
				7D101E7A1C84E08500E51F31 /* CoreLocation.framework in Frameworks */,
				7D101E781C84E07F00E51F31 /* MapKit.framework in Frameworks */,
			);
			runOnlyForDeploymentPostprocessing = 0;
		};
/* End PBXFrameworksBuildPhase section */

/* Begin PBXGroup section */
		7D101E571C84D7E700E51F31 = {
			isa = PBXGroup;
			children = (
				7D101E791C84E08500E51F31 /* CoreLocation.framework */,
				7D101E771C84E07F00E51F31 /* MapKit.framework */,
				7D101E621C84D7E700E51F31 /* ProjectOne */,
				7D101E611C84D7E700E51F31 /* Products */,
			);
			sourceTree = "<group>";
		};
		7D101E611C84D7E700E51F31 /* Products */ = {
			isa = PBXGroup;
			children = (
				7D101E601C84D7E700E51F31 /* ProjectOne.app */,
			);
			name = Products;
			sourceTree = "<group>";
		};
		7D101E621C84D7E700E51F31 /* ProjectOne */ = {
			isa = PBXGroup;
			children = (
				7D4625C31CBE9D4A005DC3ED /* MapViewController.swift */,
				7D8302AC1C8607FC007CBACB /* Main.storyboard */,
				7D4EE2351CB6B263007F97FF /* MainViewController.swift */,
				7D4EE2331CB6AF6D007F97FF /* CheckConnection.swift */,
				7D4BCDCD1CA6267C0030EDEB /* NoConnection.xib */,
				7D2998311C9FB84A009E8862 /* ThirdViewController.swift */,
				7D2998331C9FB85E009E8862 /* SmallViewController.swift */,
				7D101E631C84D7E700E51F31 /* AppDelegate.swift */,
				7D101E651C84D7E700E51F31 /* FirstViewController.swift */,
				7D101E671C84D7E700E51F31 /* SecondViewController.swift */,
				7D8302AA1C860341007CBACB /* DogViewController.swift */,
				7DB7ED001CA7AEC000C968AF /* SearchResultsController.swift */,
				7DC3C0F51C8B9AA7008D1FA7 /* CatViewController.swift */,
				7D504D831C855DB200452FAC /* dog.swift */,
				7D2998351C9FB8CD009E8862 /* small.swift */,
				7DC3C0F71C8B9BA5008D1FA7 /* cat.swift */,
				7D101E6C1C84D7E700E51F31 /* Assets.xcassets */,
				7D101E6E1C84D7E700E51F31 /* LaunchScreen.storyboard */,
				7D101E711C84D7E700E51F31 /* Info.plist */,
			);
			path = ProjectOne;
			sourceTree = "<group>";
		};
/* End PBXGroup section */

/* Begin PBXNativeTarget section */
		7D101E5F1C84D7E700E51F31 /* ProjectOne */ = {
			isa = PBXNativeTarget;
			buildConfigurationList = 7D101E741C84D7E700E51F31 /* Build configuration list for PBXNativeTarget "ProjectOne" */;
			buildPhases = (
				7D101E5C1C84D7E700E51F31 /* Sources */,
				7D101E5D1C84D7E700E51F31 /* Frameworks */,
				7D101E5E1C84D7E700E51F31 /* Resources */,
			);
			buildRules = (
			);
			dependencies = (
			);
			name = ProjectOne;
			productName = ProjectOne;
			productReference = 7D101E601C84D7E700E51F31 /* ProjectOne.app */;
			productType = "com.apple.product-type.application";
		};
/* End PBXNativeTarget section */

/* Begin PBXProject section */
		7D101E581C84D7E700E51F31 /* Project object */ = {
			isa = PBXProject;
			attributes = {
				LastSwiftUpdateCheck = 0720;
				LastUpgradeCheck = 0720;
				ORGANIZATIONNAME = babyllama;
				TargetAttributes = {
					7D101E5F1C84D7E700E51F31 = {
						CreatedOnToolsVersion = 7.2.1;
					};
				};
			};
			buildConfigurationList = 7D101E5B1C84D7E700E51F31 /* Build configuration list for PBXProject "ProjectOne" */;
			compatibilityVersion = "Xcode 3.2";
			developmentRegion = English;
			hasScannedForEncodings = 0;
			knownRegions = (
				en,
				Base,
			);
			mainGroup = 7D101E571C84D7E700E51F31;
			productRefGroup = 7D101E611C84D7E700E51F31 /* Products */;
			projectDirPath = "";
			projectRoot = "";
			targets = (
				7D101E5F1C84D7E700E51F31 /* ProjectOne */,
			);
		};
/* End PBXProject section */

/* Begin PBXResourcesBuildPhase section */
		7D101E5E1C84D7E700E51F31 /* Resources */ = {
			isa = PBXResourcesBuildPhase;
			buildActionMask = 2147483647;
			files = (
				7D101E701C84D7E700E51F31 /* LaunchScreen.storyboard in Resources */,
				7D8302AD1C8607FC007CBACB /* Main.storyboard in Resources */,
				7D4BCDCE1CA6267C0030EDEB /* NoConnection.xib in Resources */,
				7D101E6D1C84D7E700E51F31 /* Assets.xcassets in Resources */,
			);
			runOnlyForDeploymentPostprocessing = 0;
		};
/* End PBXResourcesBuildPhase section */

/* Begin PBXSourcesBuildPhase section */
		7D101E5C1C84D7E700E51F31 /* Sources */ = {
			isa = PBXSourcesBuildPhase;
			buildActionMask = 2147483647;
			files = (
				7DC3C0F61C8B9AA7008D1FA7 /* CatViewController.swift in Sources */,
				7D101E681C84D7E700E51F31 /* SecondViewController.swift in Sources */,
				7D504D841C855DB200452FAC /* dog.swift in Sources */,
				7D2998341C9FB85E009E8862 /* SmallViewController.swift in Sources */,
				7DB7ED011CA7AEC000C968AF /* SearchResultsController.swift in Sources */,
				7D4EE2341CB6AF6D007F97FF /* CheckConnection.swift in Sources */,
				7D4EE2361CB6B263007F97FF /* MainViewController.swift in Sources */,
				7D101E641C84D7E700E51F31 /* AppDelegate.swift in Sources */,
				7D2998361C9FB8CD009E8862 /* small.swift in Sources */,
				7DC3C0F81C8B9BA5008D1FA7 /* cat.swift in Sources */,
				7D8302AB1C860341007CBACB /* DogViewController.swift in Sources */,
				7D2998321C9FB84A009E8862 /* ThirdViewController.swift in Sources */,
				7D101E661C84D7E700E51F31 /* FirstViewController.swift in Sources */,
				7D4625C41CBE9D4A005DC3ED /* MapViewController.swift in Sources */,
			);
			runOnlyForDeploymentPostprocessing = 0;
		};
/* End PBXSourcesBuildPhase section */

/* Begin PBXVariantGroup section */
		7D101E6E1C84D7E700E51F31 /* LaunchScreen.storyboard */ = {
			isa = PBXVariantGroup;
			children = (
				7D101E6F1C84D7E700E51F31 /* Base */,
			);
			name = LaunchScreen.storyboard;
			sourceTree = "<group>";
		};
/* End PBXVariantGroup section */

/* Begin XCBuildConfiguration section */
		7D101E721C84D7E700E51F31 /* Debug */ = {
			isa = XCBuildConfiguration;
			buildSettings = {
				ALWAYS_SEARCH_USER_PATHS = NO;
				CLANG_CXX_LANGUAGE_STANDARD = "gnu++0x";
				CLANG_CXX_LIBRARY = "libc++";
				CLANG_ENABLE_MODULES = YES;
				CLANG_ENABLE_OBJC_ARC = YES;
				CLANG_WARN_BOOL_CONVERSION = YES;
				CLANG_WARN_CONSTANT_CONVERSION = YES;
				CLANG_WARN_DIRECT_OBJC_ISA_USAGE = YES_ERROR;
				CLANG_WARN_EMPTY_BODY = YES;
				CLANG_WARN_ENUM_CONVERSION = YES;
				CLANG_WARN_INT_CONVERSION = YES;
				CLANG_WARN_OBJC_ROOT_CLASS = YES_ERROR;
				CLANG_WARN_UNREACHABLE_CODE = YES;
				CLANG_WARN__DUPLICATE_METHOD_MATCH = YES;
				"CODE_SIGN_IDENTITY[sdk=iphoneos*]" = "iPhone Developer";
				COPY_PHASE_STRIP = NO;
				DEBUG_INFORMATION_FORMAT = dwarf;
				ENABLE_STRICT_OBJC_MSGSEND = YES;
				ENABLE_TESTABILITY = YES;
				GCC_C_LANGUAGE_STANDARD = gnu99;
				GCC_DYNAMIC_NO_PIC = NO;
				GCC_NO_COMMON_BLOCKS = YES;
				GCC_OPTIMIZATION_LEVEL = 0;
				GCC_PREPROCESSOR_DEFINITIONS = (
					"DEBUG=1",
					"$(inherited)",
				);
				GCC_WARN_64_TO_32_BIT_CONVERSION = YES;
				GCC_WARN_ABOUT_RETURN_TYPE = YES_ERROR;
				GCC_WARN_UNDECLARED_SELECTOR = YES;
				GCC_WARN_UNINITIALIZED_AUTOS = YES_AGGRESSIVE;
				GCC_WARN_UNUSED_FUNCTION = YES;
				GCC_WARN_UNUSED_VARIABLE = YES;
				IPHONEOS_DEPLOYMENT_TARGET = 9.2;
				MTL_ENABLE_DEBUG_INFO = YES;
				ONLY_ACTIVE_ARCH = YES;
				SDKROOT = iphoneos;
				SWIFT_OPTIMIZATION_LEVEL = "-Onone";
				TARGETED_DEVICE_FAMILY = "1,2";
			};
			name = Debug;
		};
		7D101E731C84D7E700E51F31 /* Release */ = {
			isa = XCBuildConfiguration;
			buildSettings = {
				ALWAYS_SEARCH_USER_PATHS = NO;
				CLANG_CXX_LANGUAGE_STANDARD = "gnu++0x";
				CLANG_CXX_LIBRARY = "libc++";
				CLANG_ENABLE_MODULES = YES;
				CLANG_ENABLE_OBJC_ARC = YES;
				CLANG_WARN_BOOL_CONVERSION = YES;
				CLANG_WARN_CONSTANT_CONVERSION = YES;
				CLANG_WARN_DIRECT_OBJC_ISA_USAGE = YES_ERROR;
				CLANG_WARN_EMPTY_BODY = YES;
				CLANG_WARN_ENUM_CONVERSION = YES;
				CLANG_WARN_INT_CONVERSION = YES;
				CLANG_WARN_OBJC_ROOT_CLASS = YES_ERROR;
				CLANG_WARN_UNREACHABLE_CODE = YES;
				CLANG_WARN__DUPLICATE_METHOD_MATCH = YES;
				"CODE_SIGN_IDENTITY[sdk=iphoneos*]" = "iPhone Developer";
				COPY_PHASE_STRIP = NO;
				DEBUG_INFORMATION_FORMAT = "dwarf-with-dsym";
				ENABLE_NS_ASSERTIONS = NO;
				ENABLE_STRICT_OBJC_MSGSEND = YES;
				GCC_C_LANGUAGE_STANDARD = gnu99;
				GCC_NO_COMMON_BLOCKS = YES;
				GCC_WARN_64_TO_32_BIT_CONVERSION = YES;
				GCC_WARN_ABOUT_RETURN_TYPE = YES_ERROR;
				GCC_WARN_UNDECLARED_SELECTOR = YES;
				GCC_WARN_UNINITIALIZED_AUTOS = YES_AGGRESSIVE;
				GCC_WARN_UNUSED_FUNCTION = YES;
				GCC_WARN_UNUSED_VARIABLE = YES;
				IPHONEOS_DEPLOYMENT_TARGET = 9.2;
				MTL_ENABLE_DEBUG_INFO = NO;
				SDKROOT = iphoneos;
				TARGETED_DEVICE_FAMILY = "1,2";
				VALIDATE_PRODUCT = YES;
			};
			name = Release;
		};
		7D101E751C84D7E700E51F31 /* Debug */ = {
			isa = XCBuildConfiguration;
			buildSettings = {
				ASSETCATALOG_COMPILER_APPICON_NAME = AppIcon;
				INFOPLIST_FILE = ProjectOne/Info.plist;
				LD_RUNPATH_SEARCH_PATHS = "$(inherited) @executable_path/Frameworks";
				PRODUCT_BUNDLE_IDENTIFIER = jessie.ProjectOne;
				PRODUCT_NAME = "$(TARGET_NAME)";
			};
			name = Debug;
		};
		7D101E761C84D7E700E51F31 /* Release */ = {
			isa = XCBuildConfiguration;
			buildSettings = {
				ASSETCATALOG_COMPILER_APPICON_NAME = AppIcon;
				INFOPLIST_FILE = ProjectOne/Info.plist;
				LD_RUNPATH_SEARCH_PATHS = "$(inherited) @executable_path/Frameworks";
				PRODUCT_BUNDLE_IDENTIFIER = jessie.ProjectOne;
				PRODUCT_NAME = "$(TARGET_NAME)";
			};
			name = Release;
		};
/* End XCBuildConfiguration section */

/* Begin XCConfigurationList section */
		7D101E5B1C84D7E700E51F31 /* Build configuration list for PBXProject "ProjectOne" */ = {
			isa = XCConfigurationList;
			buildConfigurations = (
				7D101E721C84D7E700E51F31 /* Debug */,
				7D101E731C84D7E700E51F31 /* Release */,
			);
			defaultConfigurationIsVisible = 0;
			defaultConfigurationName = Release;
		};
		7D101E741C84D7E700E51F31 /* Build configuration list for PBXNativeTarget "ProjectOne" */ = {
			isa = XCConfigurationList;
			buildConfigurations = (
				7D101E751C84D7E700E51F31 /* Debug */,
				7D101E761C84D7E700E51F31 /* Release */,
			);
			defaultConfigurationIsVisible = 0;
			defaultConfigurationName = Release;
		};
/* End XCConfigurationList section */
	};
	rootObject = 7D101E581C84D7E700E51F31 /* Project object */;
}
