// !$*UTF8*$!
{
	archiveVersion = 1;
	classes = {
	};
	objectVersion = 46;
	objects = {

/* Begin PBXBuildFile section */
		7D5349A91C4EC19C0071AB47 /* ThirdViewController.swift in Sources */ = {isa = PBXBuildFile; fileRef = 7D5349A81C4EC19C0071AB47 /* ThirdViewController.swift */; };
		7DB972B21C4E9F0C00A32688 /* AppDelegate.swift in Sources */ = {isa = PBXBuildFile; fileRef = 7DB972B11C4E9F0C00A32688 /* AppDelegate.swift */; };
		7DB972B41C4E9F0C00A32688 /* FirstViewController.swift in Sources */ = {isa = PBXBuildFile; fileRef = 7DB972B31C4E9F0C00A32688 /* FirstViewController.swift */; };
		7DB972B61C4E9F0C00A32688 /* SecondViewController.swift in Sources */ = {isa = PBXBuildFile; fileRef = 7DB972B51C4E9F0C00A32688 /* SecondViewController.swift */; };
		7DB972B91C4E9F0C00A32688 /* Main.storyboard in Resources */ = {isa = PBXBuildFile; fileRef = 7DB972B71C4E9F0C00A32688 /* Main.storyboard */; };
		7DB972BB1C4E9F0C00A32688 /* Assets.xcassets in Resources */ = {isa = PBXBuildFile; fileRef = 7DB972BA1C4E9F0C00A32688 /* Assets.xcassets */; };
		7DB972BE1C4E9F0C00A32688 /* LaunchScreen.storyboard in Resources */ = {isa = PBXBuildFile; fileRef = 7DB972BC1C4E9F0C00A32688 /* LaunchScreen.storyboard */; };
		7DB972C91C4E9F0C00A32688 /* Lab1Tests.swift in Sources */ = {isa = PBXBuildFile; fileRef = 7DB972C81C4E9F0C00A32688 /* Lab1Tests.swift */; };
		7DB972D41C4E9F0C00A32688 /* Lab1UITests.swift in Sources */ = {isa = PBXBuildFile; fileRef = 7DB972D31C4E9F0C00A32688 /* Lab1UITests.swift */; };
		7DE09BFA1C4F694C00A60985 /* pairing.plist in Resources */ = {isa = PBXBuildFile; fileRef = 7DE09BF91C4F694C00A60985 /* pairing.plist */; };
/* End PBXBuildFile section */

/* Begin PBXContainerItemProxy section */
		7DB972C51C4E9F0C00A32688 /* PBXContainerItemProxy */ = {
			isa = PBXContainerItemProxy;
			containerPortal = 7DB972A61C4E9F0C00A32688 /* Project object */;
			proxyType = 1;
			remoteGlobalIDString = 7DB972AD1C4E9F0C00A32688;
			remoteInfo = Lab1;
		};
		7DB972D01C4E9F0C00A32688 /* PBXContainerItemProxy */ = {
			isa = PBXContainerItemProxy;
			containerPortal = 7DB972A61C4E9F0C00A32688 /* Project object */;
			proxyType = 1;
			remoteGlobalIDString = 7DB972AD1C4E9F0C00A32688;
			remoteInfo = Lab1;
		};
/* End PBXContainerItemProxy section */

/* Begin PBXFileReference section */
		7D5349A81C4EC19C0071AB47 /* ThirdViewController.swift */ = {isa = PBXFileReference; fileEncoding = 4; lastKnownFileType = sourcecode.swift; path = ThirdViewController.swift; sourceTree = "<group>"; };
		7DB972AE1C4E9F0C00A32688 /* Lab1.app */ = {isa = PBXFileReference; explicitFileType = wrapper.application; includeInIndex = 0; path = Lab1.app; sourceTree = BUILT_PRODUCTS_DIR; };
		7DB972B11C4E9F0C00A32688 /* AppDelegate.swift */ = {isa = PBXFileReference; lastKnownFileType = sourcecode.swift; path = AppDelegate.swift; sourceTree = "<group>"; };
		7DB972B31C4E9F0C00A32688 /* FirstViewController.swift */ = {isa = PBXFileReference; lastKnownFileType = sourcecode.swift; path = FirstViewController.swift; sourceTree = "<group>"; };
		7DB972B51C4E9F0C00A32688 /* SecondViewController.swift */ = {isa = PBXFileReference; lastKnownFileType = sourcecode.swift; path = SecondViewController.swift; sourceTree = "<group>"; };
		7DB972B81C4E9F0C00A32688 /* Base */ = {isa = PBXFileReference; lastKnownFileType = file.storyboard; name = Base; path = Base.lproj/Main.storyboard; sourceTree = "<group>"; };
		7DB972BA1C4E9F0C00A32688 /* Assets.xcassets */ = {isa = PBXFileReference; lastKnownFileType = folder.assetcatalog; path = Assets.xcassets; sourceTree = "<group>"; };
		7DB972BD1C4E9F0C00A32688 /* Base */ = {isa = PBXFileReference; lastKnownFileType = file.storyboard; name = Base; path = Base.lproj/LaunchScreen.storyboard; sourceTree = "<group>"; };
		7DB972BF1C4E9F0C00A32688 /* Info.plist */ = {isa = PBXFileReference; lastKnownFileType = text.plist.xml; path = Info.plist; sourceTree = "<group>"; };
		7DB972C41C4E9F0C00A32688 /* Lab1Tests.xctest */ = {isa = PBXFileReference; explicitFileType = wrapper.cfbundle; includeInIndex = 0; path = Lab1Tests.xctest; sourceTree = BUILT_PRODUCTS_DIR; };
		7DB972C81C4E9F0C00A32688 /* Lab1Tests.swift */ = {isa = PBXFileReference; lastKnownFileType = sourcecode.swift; path = Lab1Tests.swift; sourceTree = "<group>"; };
		7DB972CA1C4E9F0C00A32688 /* Info.plist */ = {isa = PBXFileReference; lastKnownFileType = text.plist.xml; path = Info.plist; sourceTree = "<group>"; };
		7DB972CF1C4E9F0C00A32688 /* Lab1UITests.xctest */ = {isa = PBXFileReference; explicitFileType = wrapper.cfbundle; includeInIndex = 0; path = Lab1UITests.xctest; sourceTree = BUILT_PRODUCTS_DIR; };
		7DB972D31C4E9F0C00A32688 /* Lab1UITests.swift */ = {isa = PBXFileReference; lastKnownFileType = sourcecode.swift; path = Lab1UITests.swift; sourceTree = "<group>"; };
		7DB972D51C4E9F0C00A32688 /* Info.plist */ = {isa = PBXFileReference; lastKnownFileType = text.plist.xml; path = Info.plist; sourceTree = "<group>"; };
		7DE09BF91C4F694C00A60985 /* pairing.plist */ = {isa = PBXFileReference; fileEncoding = 4; lastKnownFileType = text.plist.xml; path = pairing.plist; sourceTree = "<group>"; };
/* End PBXFileReference section */

/* Begin PBXFrameworksBuildPhase section */
		7DB972AB1C4E9F0C00A32688 /* Frameworks */ = {
			isa = PBXFrameworksBuildPhase;
			buildActionMask = 2147483647;
			files = (
			);
			runOnlyForDeploymentPostprocessing = 0;
		};
		7DB972C11C4E9F0C00A32688 /* Frameworks */ = {
			isa = PBXFrameworksBuildPhase;
			buildActionMask = 2147483647;
			files = (
			);
			runOnlyForDeploymentPostprocessing = 0;
		};
		7DB972CC1C4E9F0C00A32688 /* Frameworks */ = {
			isa = PBXFrameworksBuildPhase;
			buildActionMask = 2147483647;
			files = (
			);
			runOnlyForDeploymentPostprocessing = 0;
		};
/* End PBXFrameworksBuildPhase section */

/* Begin PBXGroup section */
		7DB972A51C4E9F0C00A32688 = {
			isa = PBXGroup;
			children = (
				7DB972B01C4E9F0C00A32688 /* Lab1 */,
				7DB972C71C4E9F0C00A32688 /* Lab1Tests */,
				7DB972D21C4E9F0C00A32688 /* Lab1UITests */,
				7DB972AF1C4E9F0C00A32688 /* Products */,
			);
			sourceTree = "<group>";
		};
		7DB972AF1C4E9F0C00A32688 /* Products */ = {
			isa = PBXGroup;
			children = (
				7DB972AE1C4E9F0C00A32688 /* Lab1.app */,
				7DB972C41C4E9F0C00A32688 /* Lab1Tests.xctest */,
				7DB972CF1C4E9F0C00A32688 /* Lab1UITests.xctest */,
			);
			name = Products;
			sourceTree = "<group>";
		};
		7DB972B01C4E9F0C00A32688 /* Lab1 */ = {
			isa = PBXGroup;
			children = (
				7DE09BF91C4F694C00A60985 /* pairing.plist */,
				7DB972B11C4E9F0C00A32688 /* AppDelegate.swift */,
				7DB972B31C4E9F0C00A32688 /* FirstViewController.swift */,
				7DB972B51C4E9F0C00A32688 /* SecondViewController.swift */,
				7DB972B71C4E9F0C00A32688 /* Main.storyboard */,
				7D5349A81C4EC19C0071AB47 /* ThirdViewController.swift */,
				7DB972BA1C4E9F0C00A32688 /* Assets.xcassets */,
				7DB972BC1C4E9F0C00A32688 /* LaunchScreen.storyboard */,
				7DB972BF1C4E9F0C00A32688 /* Info.plist */,
			);
			path = Lab1;
			sourceTree = "<group>";
		};
		7DB972C71C4E9F0C00A32688 /* Lab1Tests */ = {
			isa = PBXGroup;
			children = (
				7DB972C81C4E9F0C00A32688 /* Lab1Tests.swift */,
				7DB972CA1C4E9F0C00A32688 /* Info.plist */,
			);
			path = Lab1Tests;
			sourceTree = "<group>";
		};
		7DB972D21C4E9F0C00A32688 /* Lab1UITests */ = {
			isa = PBXGroup;
			children = (
				7DB972D31C4E9F0C00A32688 /* Lab1UITests.swift */,
				7DB972D51C4E9F0C00A32688 /* Info.plist */,
			);
			path = Lab1UITests;
			sourceTree = "<group>";
		};
/* End PBXGroup section */

/* Begin PBXNativeTarget section */
		7DB972AD1C4E9F0C00A32688 /* Lab1 */ = {
			isa = PBXNativeTarget;
			buildConfigurationList = 7DB972D81C4E9F0C00A32688 /* Build configuration list for PBXNativeTarget "Lab1" */;
			buildPhases = (
				7DB972AA1C4E9F0C00A32688 /* Sources */,
				7DB972AB1C4E9F0C00A32688 /* Frameworks */,
				7DB972AC1C4E9F0C00A32688 /* Resources */,
			);
			buildRules = (
			);
			dependencies = (
			);
			name = Lab1;
			productName = Lab1;
			productReference = 7DB972AE1C4E9F0C00A32688 /* Lab1.app */;
			productType = "com.apple.product-type.application";
		};
		7DB972C31C4E9F0C00A32688 /* Lab1Tests */ = {
			isa = PBXNativeTarget;
			buildConfigurationList = 7DB972DB1C4E9F0C00A32688 /* Build configuration list for PBXNativeTarget "Lab1Tests" */;
			buildPhases = (
				7DB972C01C4E9F0C00A32688 /* Sources */,
				7DB972C11C4E9F0C00A32688 /* Frameworks */,
				7DB972C21C4E9F0C00A32688 /* Resources */,
			);
			buildRules = (
			);
			dependencies = (
				7DB972C61C4E9F0C00A32688 /* PBXTargetDependency */,
			);
			name = Lab1Tests;
			productName = Lab1Tests;
			productReference = 7DB972C41C4E9F0C00A32688 /* Lab1Tests.xctest */;
			productType = "com.apple.product-type.bundle.unit-test";
		};
		7DB972CE1C4E9F0C00A32688 /* Lab1UITests */ = {
			isa = PBXNativeTarget;
			buildConfigurationList = 7DB972DE1C4E9F0C00A32688 /* Build configuration list for PBXNativeTarget "Lab1UITests" */;
			buildPhases = (
				7DB972CB1C4E9F0C00A32688 /* Sources */,
				7DB972CC1C4E9F0C00A32688 /* Frameworks */,
				7DB972CD1C4E9F0C00A32688 /* Resources */,
			);
			buildRules = (
			);
			dependencies = (
				7DB972D11C4E9F0C00A32688 /* PBXTargetDependency */,
			);
			name = Lab1UITests;
			productName = Lab1UITests;
			productReference = 7DB972CF1C4E9F0C00A32688 /* Lab1UITests.xctest */;
			productType = "com.apple.product-type.bundle.ui-testing";
		};
/* End PBXNativeTarget section */

/* Begin PBXProject section */
		7DB972A61C4E9F0C00A32688 /* Project object */ = {
			isa = PBXProject;
			attributes = {
				LastSwiftUpdateCheck = 0720;
				LastUpgradeCheck = 0720;
				ORGANIZATIONNAME = babyllama;
				TargetAttributes = {
					7DB972AD1C4E9F0C00A32688 = {
						CreatedOnToolsVersion = 7.2;
					};
					7DB972C31C4E9F0C00A32688 = {
						CreatedOnToolsVersion = 7.2;
						TestTargetID = 7DB972AD1C4E9F0C00A32688;
					};
					7DB972CE1C4E9F0C00A32688 = {
						CreatedOnToolsVersion = 7.2;
						TestTargetID = 7DB972AD1C4E9F0C00A32688;
					};
				};
			};
			buildConfigurationList = 7DB972A91C4E9F0C00A32688 /* Build configuration list for PBXProject "Lab1" */;
			compatibilityVersion = "Xcode 3.2";
			developmentRegion = English;
			hasScannedForEncodings = 0;
			knownRegions = (
				en,
				Base,
			);
			mainGroup = 7DB972A51C4E9F0C00A32688;
			productRefGroup = 7DB972AF1C4E9F0C00A32688 /* Products */;
			projectDirPath = "";
			projectRoot = "";
			targets = (
				7DB972AD1C4E9F0C00A32688 /* Lab1 */,
				7DB972C31C4E9F0C00A32688 /* Lab1Tests */,
				7DB972CE1C4E9F0C00A32688 /* Lab1UITests */,
			);
		};
/* End PBXProject section */

/* Begin PBXResourcesBuildPhase section */
		7DB972AC1C4E9F0C00A32688 /* Resources */ = {
			isa = PBXResourcesBuildPhase;
			buildActionMask = 2147483647;
			files = (
				7DB972BE1C4E9F0C00A32688 /* LaunchScreen.storyboard in Resources */,
				7DB972BB1C4E9F0C00A32688 /* Assets.xcassets in Resources */,
				7DB972B91C4E9F0C00A32688 /* Main.storyboard in Resources */,
				7DE09BFA1C4F694C00A60985 /* pairing.plist in Resources */,
			);
			runOnlyForDeploymentPostprocessing = 0;
		};
		7DB972C21C4E9F0C00A32688 /* Resources */ = {
			isa = PBXResourcesBuildPhase;
			buildActionMask = 2147483647;
			files = (
			);
			runOnlyForDeploymentPostprocessing = 0;
		};
		7DB972CD1C4E9F0C00A32688 /* Resources */ = {
			isa = PBXResourcesBuildPhase;
			buildActionMask = 2147483647;
			files = (
			);
			runOnlyForDeploymentPostprocessing = 0;
		};
/* End PBXResourcesBuildPhase section */

/* Begin PBXSourcesBuildPhase section */
		7DB972AA1C4E9F0C00A32688 /* Sources */ = {
			isa = PBXSourcesBuildPhase;
			buildActionMask = 2147483647;
			files = (
				7DB972B61C4E9F0C00A32688 /* SecondViewController.swift in Sources */,
				7DB972B21C4E9F0C00A32688 /* AppDelegate.swift in Sources */,
				7D5349A91C4EC19C0071AB47 /* ThirdViewController.swift in Sources */,
				7DB972B41C4E9F0C00A32688 /* FirstViewController.swift in Sources */,
			);
			runOnlyForDeploymentPostprocessing = 0;
		};
		7DB972C01C4E9F0C00A32688 /* Sources */ = {
			isa = PBXSourcesBuildPhase;
			buildActionMask = 2147483647;
			files = (
				7DB972C91C4E9F0C00A32688 /* Lab1Tests.swift in Sources */,
			);
			runOnlyForDeploymentPostprocessing = 0;
		};
		7DB972CB1C4E9F0C00A32688 /* Sources */ = {
			isa = PBXSourcesBuildPhase;
			buildActionMask = 2147483647;
			files = (
				7DB972D41C4E9F0C00A32688 /* Lab1UITests.swift in Sources */,
			);
			runOnlyForDeploymentPostprocessing = 0;
		};
/* End PBXSourcesBuildPhase section */

/* Begin PBXTargetDependency section */
		7DB972C61C4E9F0C00A32688 /* PBXTargetDependency */ = {
			isa = PBXTargetDependency;
			target = 7DB972AD1C4E9F0C00A32688 /* Lab1 */;
			targetProxy = 7DB972C51C4E9F0C00A32688 /* PBXContainerItemProxy */;
		};
		7DB972D11C4E9F0C00A32688 /* PBXTargetDependency */ = {
			isa = PBXTargetDependency;
			target = 7DB972AD1C4E9F0C00A32688 /* Lab1 */;
			targetProxy = 7DB972D01C4E9F0C00A32688 /* PBXContainerItemProxy */;
		};
/* End PBXTargetDependency section */

/* Begin PBXVariantGroup section */
		7DB972B71C4E9F0C00A32688 /* Main.storyboard */ = {
			isa = PBXVariantGroup;
			children = (
				7DB972B81C4E9F0C00A32688 /* Base */,
			);
			name = Main.storyboard;
			sourceTree = "<group>";
		};
		7DB972BC1C4E9F0C00A32688 /* LaunchScreen.storyboard */ = {
			isa = PBXVariantGroup;
			children = (
				7DB972BD1C4E9F0C00A32688 /* Base */,
			);
			name = LaunchScreen.storyboard;
			sourceTree = "<group>";
		};
/* End PBXVariantGroup section */

/* Begin XCBuildConfiguration section */
		7DB972D61C4E9F0C00A32688 /* Debug */ = {
			isa = XCBuildConfiguration;
			buildSettings = {
				ALWAYS_SEARCH_USER_PATHS = NO;
				CLANG_CXX_LANGUAGE_STANDARD = "gnu++0x";
				CLANG_CXX_LIBRARY = "libc++";
				CLANG_ENABLE_MODULES = YES;
				CLANG_ENABLE_OBJC_ARC = YES;
				CLANG_WARN_BOOL_CONVERSION = YES;
				CLANG_WARN_CONSTANT_CONVERSION = YES;
				CLANG_WARN_DIRECT_OBJC_ISA_USAGE = YES_ERROR;
				CLANG_WARN_EMPTY_BODY = YES;
				CLANG_WARN_ENUM_CONVERSION = YES;
				CLANG_WARN_INT_CONVERSION = YES;
				CLANG_WARN_OBJC_ROOT_CLASS = YES_ERROR;
				CLANG_WARN_UNREACHABLE_CODE = YES;
				CLANG_WARN__DUPLICATE_METHOD_MATCH = YES;
				"CODE_SIGN_IDENTITY[sdk=iphoneos*]" = "iPhone Developer";
				COPY_PHASE_STRIP = NO;
				DEBUG_INFORMATION_FORMAT = dwarf;
				ENABLE_STRICT_OBJC_MSGSEND = YES;
				ENABLE_TESTABILITY = YES;
				GCC_C_LANGUAGE_STANDARD = gnu99;
				GCC_DYNAMIC_NO_PIC = NO;
				GCC_NO_COMMON_BLOCKS = YES;
				GCC_OPTIMIZATION_LEVEL = 0;
				GCC_PREPROCESSOR_DEFINITIONS = (
					"DEBUG=1",
					"$(inherited)",
				);
				GCC_WARN_64_TO_32_BIT_CONVERSION = YES;
				GCC_WARN_ABOUT_RETURN_TYPE = YES_ERROR;
				GCC_WARN_UNDECLARED_SELECTOR = YES;
				GCC_WARN_UNINITIALIZED_AUTOS = YES_AGGRESSIVE;
				GCC_WARN_UNUSED_FUNCTION = YES;
				GCC_WARN_UNUSED_VARIABLE = YES;
				IPHONEOS_DEPLOYMENT_TARGET = 9.2;
				MTL_ENABLE_DEBUG_INFO = YES;
				ONLY_ACTIVE_ARCH = YES;
				SDKROOT = iphoneos;
				SWIFT_OPTIMIZATION_LEVEL = "-Onone";
			};
			name = Debug;
		};
		7DB972D71C4E9F0C00A32688 /* Release */ = {
			isa = XCBuildConfiguration;
			buildSettings = {
				ALWAYS_SEARCH_USER_PATHS = NO;
				CLANG_CXX_LANGUAGE_STANDARD = "gnu++0x";
				CLANG_CXX_LIBRARY = "libc++";
				CLANG_ENABLE_MODULES = YES;
				CLANG_ENABLE_OBJC_ARC = YES;
				CLANG_WARN_BOOL_CONVERSION = YES;
				CLANG_WARN_CONSTANT_CONVERSION = YES;
				CLANG_WARN_DIRECT_OBJC_ISA_USAGE = YES_ERROR;
				CLANG_WARN_EMPTY_BODY = YES;
				CLANG_WARN_ENUM_CONVERSION = YES;
				CLANG_WARN_INT_CONVERSION = YES;
				CLANG_WARN_OBJC_ROOT_CLASS = YES_ERROR;
				CLANG_WARN_UNREACHABLE_CODE = YES;
				CLANG_WARN__DUPLICATE_METHOD_MATCH = YES;
				"CODE_SIGN_IDENTITY[sdk=iphoneos*]" = "iPhone Developer";
				COPY_PHASE_STRIP = NO;
				DEBUG_INFORMATION_FORMAT = "dwarf-with-dsym";
				ENABLE_NS_ASSERTIONS = NO;
				ENABLE_STRICT_OBJC_MSGSEND = YES;
				GCC_C_LANGUAGE_STANDARD = gnu99;
				GCC_NO_COMMON_BLOCKS = YES;
				GCC_WARN_64_TO_32_BIT_CONVERSION = YES;
				GCC_WARN_ABOUT_RETURN_TYPE = YES_ERROR;
				GCC_WARN_UNDECLARED_SELECTOR = YES;
				GCC_WARN_UNINITIALIZED_AUTOS = YES_AGGRESSIVE;
				GCC_WARN_UNUSED_FUNCTION = YES;
				GCC_WARN_UNUSED_VARIABLE = YES;
				IPHONEOS_DEPLOYMENT_TARGET = 9.2;
				MTL_ENABLE_DEBUG_INFO = NO;
				SDKROOT = iphoneos;
				VALIDATE_PRODUCT = YES;
			};
			name = Release;
		};
		7DB972D91C4E9F0C00A32688 /* Debug */ = {
			isa = XCBuildConfiguration;
			buildSettings = {
				ASSETCATALOG_COMPILER_APPICON_NAME = AppIcon;
				INFOPLIST_FILE = Lab1/Info.plist;
				LD_RUNPATH_SEARCH_PATHS = "$(inherited) @executable_path/Frameworks";
				PRODUCT_BUNDLE_IDENTIFIER = jessie.Lab1;
				PRODUCT_NAME = "$(TARGET_NAME)";
			};
			name = Debug;
		};
		7DB972DA1C4E9F0C00A32688 /* Release */ = {
			isa = XCBuildConfiguration;
			buildSettings = {
				ASSETCATALOG_COMPILER_APPICON_NAME = AppIcon;
				INFOPLIST_FILE = Lab1/Info.plist;
				LD_RUNPATH_SEARCH_PATHS = "$(inherited) @executable_path/Frameworks";
				PRODUCT_BUNDLE_IDENTIFIER = jessie.Lab1;
				PRODUCT_NAME = "$(TARGET_NAME)";
			};
			name = Release;
		};
		7DB972DC1C4E9F0C00A32688 /* Debug */ = {
			isa = XCBuildConfiguration;
			buildSettings = {
				BUNDLE_LOADER = "$(TEST_HOST)";
				INFOPLIST_FILE = Lab1Tests/Info.plist;
				LD_RUNPATH_SEARCH_PATHS = "$(inherited) @executable_path/Frameworks @loader_path/Frameworks";
				PRODUCT_BUNDLE_IDENTIFIER = jessie.Lab1Tests;
				PRODUCT_NAME = "$(TARGET_NAME)";
				TEST_HOST = "$(BUILT_PRODUCTS_DIR)/Lab1.app/Lab1";
			};
			name = Debug;
		};
		7DB972DD1C4E9F0C00A32688 /* Release */ = {
			isa = XCBuildConfiguration;
			buildSettings = {
				BUNDLE_LOADER = "$(TEST_HOST)";
				INFOPLIST_FILE = Lab1Tests/Info.plist;
				LD_RUNPATH_SEARCH_PATHS = "$(inherited) @executable_path/Frameworks @loader_path/Frameworks";
				PRODUCT_BUNDLE_IDENTIFIER = jessie.Lab1Tests;
				PRODUCT_NAME = "$(TARGET_NAME)";
				TEST_HOST = "$(BUILT_PRODUCTS_DIR)/Lab1.app/Lab1";
			};
			name = Release;
		};
		7DB972DF1C4E9F0C00A32688 /* Debug */ = {
			isa = XCBuildConfiguration;
			buildSettings = {
				INFOPLIST_FILE = Lab1UITests/Info.plist;
				LD_RUNPATH_SEARCH_PATHS = "$(inherited) @executable_path/Frameworks @loader_path/Frameworks";
				PRODUCT_BUNDLE_IDENTIFIER = jessie.Lab1UITests;
				PRODUCT_NAME = "$(TARGET_NAME)";
				TEST_TARGET_NAME = Lab1;
				USES_XCTRUNNER = YES;
			};
			name = Debug;
		};
		7DB972E01C4E9F0C00A32688 /* Release */ = {
			isa = XCBuildConfiguration;
			buildSettings = {
				INFOPLIST_FILE = Lab1UITests/Info.plist;
				LD_RUNPATH_SEARCH_PATHS = "$(inherited) @executable_path/Frameworks @loader_path/Frameworks";
				PRODUCT_BUNDLE_IDENTIFIER = jessie.Lab1UITests;
				PRODUCT_NAME = "$(TARGET_NAME)";
				TEST_TARGET_NAME = Lab1;
				USES_XCTRUNNER = YES;
			};
			name = Release;
		};
/* End XCBuildConfiguration section */

/* Begin XCConfigurationList section */
		7DB972A91C4E9F0C00A32688 /* Build configuration list for PBXProject "Lab1" */ = {
			isa = XCConfigurationList;
			buildConfigurations = (
				7DB972D61C4E9F0C00A32688 /* Debug */,
				7DB972D71C4E9F0C00A32688 /* Release */,
			);
			defaultConfigurationIsVisible = 0;
			defaultConfigurationName = Release;
		};
		7DB972D81C4E9F0C00A32688 /* Build configuration list for PBXNativeTarget "Lab1" */ = {
			isa = XCConfigurationList;
			buildConfigurations = (
				7DB972D91C4E9F0C00A32688 /* Debug */,
				7DB972DA1C4E9F0C00A32688 /* Release */,
			);
			defaultConfigurationIsVisible = 0;
			defaultConfigurationName = Release;
		};
		7DB972DB1C4E9F0C00A32688 /* Build configuration list for PBXNativeTarget "Lab1Tests" */ = {
			isa = XCConfigurationList;
			buildConfigurations = (
				7DB972DC1C4E9F0C00A32688 /* Debug */,
				7DB972DD1C4E9F0C00A32688 /* Release */,
			);
			defaultConfigurationIsVisible = 0;
			defaultConfigurationName = Release;
		};
		7DB972DE1C4E9F0C00A32688 /* Build configuration list for PBXNativeTarget "Lab1UITests" */ = {
			isa = XCConfigurationList;
			buildConfigurations = (
				7DB972DF1C4E9F0C00A32688 /* Debug */,
				7DB972E01C4E9F0C00A32688 /* Release */,
			);
			defaultConfigurationIsVisible = 0;
			defaultConfigurationName = Release;
		};
/* End XCConfigurationList section */
	};
	rootObject = 7DB972A61C4E9F0C00A32688 /* Project object */;
}
