// !$*UTF8*$!
{
	archiveVersion = 1;
	classes = {
	};
	objectVersion = 46;
	objects = {

/* Begin PBXBuildFile section */
		7D1002431C91D8920042D886 /* ItemsViewController.swift in Sources */ = {isa = PBXBuildFile; fileRef = 7D1002421C91D8920042D886 /* ItemsViewController.swift */; };
		7D1002451C91DCED0042D886 /* AddItemViewController.swift in Sources */ = {isa = PBXBuildFile; fileRef = 7D1002441C91DCED0042D886 /* AddItemViewController.swift */; };
		7D10024B1C91E3080042D886 /* WebViewController.swift in Sources */ = {isa = PBXBuildFile; fileRef = 7D10024A1C91E3080042D886 /* WebViewController.swift */; };
		7D9220331C91D2C2005599B7 /* AppDelegate.swift in Sources */ = {isa = PBXBuildFile; fileRef = 7D9220321C91D2C2005599B7 /* AppDelegate.swift */; };
		7D9220351C91D2C2005599B7 /* ViewController.swift in Sources */ = {isa = PBXBuildFile; fileRef = 7D9220341C91D2C2005599B7 /* ViewController.swift */; };
		7D9220381C91D2C2005599B7 /* Main.storyboard in Resources */ = {isa = PBXBuildFile; fileRef = 7D9220361C91D2C2005599B7 /* Main.storyboard */; };
		7D92203A1C91D2C2005599B7 /* Assets.xcassets in Resources */ = {isa = PBXBuildFile; fileRef = 7D9220391C91D2C2005599B7 /* Assets.xcassets */; };
		7D92203D1C91D2C2005599B7 /* LaunchScreen.storyboard in Resources */ = {isa = PBXBuildFile; fileRef = 7D92203B1C91D2C2005599B7 /* LaunchScreen.storyboard */; };
		7D9220451C91D3C0005599B7 /* stores.plist in Resources */ = {isa = PBXBuildFile; fileRef = 7D9220441C91D3C0005599B7 /* stores.plist */; };
		7D9220471C91D4B9005599B7 /* Stores.swift in Sources */ = {isa = PBXBuildFile; fileRef = 7D9220461C91D4B9005599B7 /* Stores.swift */; };
/* End PBXBuildFile section */

/* Begin PBXFileReference section */
		7D1002421C91D8920042D886 /* ItemsViewController.swift */ = {isa = PBXFileReference; fileEncoding = 4; lastKnownFileType = sourcecode.swift; path = ItemsViewController.swift; sourceTree = "<group>"; };
		7D1002441C91DCED0042D886 /* AddItemViewController.swift */ = {isa = PBXFileReference; fileEncoding = 4; lastKnownFileType = sourcecode.swift; path = AddItemViewController.swift; sourceTree = "<group>"; };
		7D10024A1C91E3080042D886 /* WebViewController.swift */ = {isa = PBXFileReference; fileEncoding = 4; lastKnownFileType = sourcecode.swift; name = WebViewController.swift; path = ../WebViewController.swift; sourceTree = "<group>"; };
		7D92202F1C91D2C2005599B7 /* Midterm1.app */ = {isa = PBXFileReference; explicitFileType = wrapper.application; includeInIndex = 0; path = Midterm1.app; sourceTree = BUILT_PRODUCTS_DIR; };
		7D9220321C91D2C2005599B7 /* AppDelegate.swift */ = {isa = PBXFileReference; lastKnownFileType = sourcecode.swift; path = AppDelegate.swift; sourceTree = "<group>"; };
		7D9220341C91D2C2005599B7 /* ViewController.swift */ = {isa = PBXFileReference; lastKnownFileType = sourcecode.swift; path = ViewController.swift; sourceTree = "<group>"; };
		7D9220371C91D2C2005599B7 /* Base */ = {isa = PBXFileReference; lastKnownFileType = file.storyboard; name = Base; path = Base.lproj/Main.storyboard; sourceTree = "<group>"; };
		7D9220391C91D2C2005599B7 /* Assets.xcassets */ = {isa = PBXFileReference; lastKnownFileType = folder.assetcatalog; path = Assets.xcassets; sourceTree = "<group>"; };
		7D92203C1C91D2C2005599B7 /* Base */ = {isa = PBXFileReference; lastKnownFileType = file.storyboard; name = Base; path = Base.lproj/LaunchScreen.storyboard; sourceTree = "<group>"; };
		7D92203E1C91D2C2005599B7 /* Info.plist */ = {isa = PBXFileReference; lastKnownFileType = text.plist.xml; path = Info.plist; sourceTree = "<group>"; };
		7D9220441C91D3C0005599B7 /* stores.plist */ = {isa = PBXFileReference; fileEncoding = 4; lastKnownFileType = text.plist.xml; path = stores.plist; sourceTree = "<group>"; };
		7D9220461C91D4B9005599B7 /* Stores.swift */ = {isa = PBXFileReference; fileEncoding = 4; lastKnownFileType = sourcecode.swift; path = Stores.swift; sourceTree = "<group>"; };
/* End PBXFileReference section */

/* Begin PBXFrameworksBuildPhase section */
		7D92202C1C91D2C2005599B7 /* Frameworks */ = {
			isa = PBXFrameworksBuildPhase;
			buildActionMask = 2147483647;
			files = (
			);
			runOnlyForDeploymentPostprocessing = 0;
		};
/* End PBXFrameworksBuildPhase section */

/* Begin PBXGroup section */
		7D9220261C91D2C2005599B7 = {
			isa = PBXGroup;
			children = (
				7D9220311C91D2C2005599B7 /* Midterm1 */,
				7D9220301C91D2C2005599B7 /* Products */,
			);
			sourceTree = "<group>";
		};
		7D9220301C91D2C2005599B7 /* Products */ = {
			isa = PBXGroup;
			children = (
				7D92202F1C91D2C2005599B7 /* Midterm1.app */,
			);
			name = Products;
			sourceTree = "<group>";
		};
		7D9220311C91D2C2005599B7 /* Midterm1 */ = {
			isa = PBXGroup;
			children = (
				7D10024A1C91E3080042D886 /* WebViewController.swift */,
				7D9220441C91D3C0005599B7 /* stores.plist */,
				7D9220321C91D2C2005599B7 /* AppDelegate.swift */,
				7D9220341C91D2C2005599B7 /* ViewController.swift */,
				7D9220361C91D2C2005599B7 /* Main.storyboard */,
				7D1002441C91DCED0042D886 /* AddItemViewController.swift */,
				7D1002421C91D8920042D886 /* ItemsViewController.swift */,
				7D9220391C91D2C2005599B7 /* Assets.xcassets */,
				7D92203B1C91D2C2005599B7 /* LaunchScreen.storyboard */,
				7D92203E1C91D2C2005599B7 /* Info.plist */,
				7D9220461C91D4B9005599B7 /* Stores.swift */,
			);
			path = Midterm1;
			sourceTree = "<group>";
		};
/* End PBXGroup section */

/* Begin PBXNativeTarget section */
		7D92202E1C91D2C2005599B7 /* Midterm1 */ = {
			isa = PBXNativeTarget;
			buildConfigurationList = 7D9220411C91D2C2005599B7 /* Build configuration list for PBXNativeTarget "Midterm1" */;
			buildPhases = (
				7D92202B1C91D2C2005599B7 /* Sources */,
				7D92202C1C91D2C2005599B7 /* Frameworks */,
				7D92202D1C91D2C2005599B7 /* Resources */,
			);
			buildRules = (
			);
			dependencies = (
			);
			name = Midterm1;
			productName = Midterm1;
			productReference = 7D92202F1C91D2C2005599B7 /* Midterm1.app */;
			productType = "com.apple.product-type.application";
		};
/* End PBXNativeTarget section */

/* Begin PBXProject section */
		7D9220271C91D2C2005599B7 /* Project object */ = {
			isa = PBXProject;
			attributes = {
				LastSwiftUpdateCheck = 0720;
				LastUpgradeCheck = 0720;
				ORGANIZATIONNAME = babyllama;
				TargetAttributes = {
					7D92202E1C91D2C2005599B7 = {
						CreatedOnToolsVersion = 7.2.1;
					};
				};
			};
			buildConfigurationList = 7D92202A1C91D2C2005599B7 /* Build configuration list for PBXProject "Midterm1" */;
			compatibilityVersion = "Xcode 3.2";
			developmentRegion = English;
			hasScannedForEncodings = 0;
			knownRegions = (
				en,
				Base,
			);
			mainGroup = 7D9220261C91D2C2005599B7;
			productRefGroup = 7D9220301C91D2C2005599B7 /* Products */;
			projectDirPath = "";
			projectRoot = "";
			targets = (
				7D92202E1C91D2C2005599B7 /* Midterm1 */,
			);
		};
/* End PBXProject section */

/* Begin PBXResourcesBuildPhase section */
		7D92202D1C91D2C2005599B7 /* Resources */ = {
			isa = PBXResourcesBuildPhase;
			buildActionMask = 2147483647;
			files = (
				7D92203D1C91D2C2005599B7 /* LaunchScreen.storyboard in Resources */,
				7D92203A1C91D2C2005599B7 /* Assets.xcassets in Resources */,
				7D9220451C91D3C0005599B7 /* stores.plist in Resources */,
				7D9220381C91D2C2005599B7 /* Main.storyboard in Resources */,
			);
			runOnlyForDeploymentPostprocessing = 0;
		};
/* End PBXResourcesBuildPhase section */

/* Begin PBXSourcesBuildPhase section */
		7D92202B1C91D2C2005599B7 /* Sources */ = {
			isa = PBXSourcesBuildPhase;
			buildActionMask = 2147483647;
			files = (
				7D1002451C91DCED0042D886 /* AddItemViewController.swift in Sources */,
				7D10024B1C91E3080042D886 /* WebViewController.swift in Sources */,
				7D9220351C91D2C2005599B7 /* ViewController.swift in Sources */,
				7D1002431C91D8920042D886 /* ItemsViewController.swift in Sources */,
				7D9220331C91D2C2005599B7 /* AppDelegate.swift in Sources */,
				7D9220471C91D4B9005599B7 /* Stores.swift in Sources */,
			);
			runOnlyForDeploymentPostprocessing = 0;
		};
/* End PBXSourcesBuildPhase section */

/* Begin PBXVariantGroup section */
		7D9220361C91D2C2005599B7 /* Main.storyboard */ = {
			isa = PBXVariantGroup;
			children = (
				7D9220371C91D2C2005599B7 /* Base */,
			);
			name = Main.storyboard;
			sourceTree = "<group>";
		};
		7D92203B1C91D2C2005599B7 /* LaunchScreen.storyboard */ = {
			isa = PBXVariantGroup;
			children = (
				7D92203C1C91D2C2005599B7 /* Base */,
			);
			name = LaunchScreen.storyboard;
			sourceTree = "<group>";
		};
/* End PBXVariantGroup section */

/* Begin XCBuildConfiguration section */
		7D92203F1C91D2C2005599B7 /* Debug */ = {
			isa = XCBuildConfiguration;
			buildSettings = {
				ALWAYS_SEARCH_USER_PATHS = NO;
				CLANG_CXX_LANGUAGE_STANDARD = "gnu++0x";
				CLANG_CXX_LIBRARY = "libc++";
				CLANG_ENABLE_MODULES = YES;
				CLANG_ENABLE_OBJC_ARC = YES;
				CLANG_WARN_BOOL_CONVERSION = YES;
				CLANG_WARN_CONSTANT_CONVERSION = YES;
				CLANG_WARN_DIRECT_OBJC_ISA_USAGE = YES_ERROR;
				CLANG_WARN_EMPTY_BODY = YES;
				CLANG_WARN_ENUM_CONVERSION = YES;
				CLANG_WARN_INT_CONVERSION = YES;
				CLANG_WARN_OBJC_ROOT_CLASS = YES_ERROR;
				CLANG_WARN_UNREACHABLE_CODE = YES;
				CLANG_WARN__DUPLICATE_METHOD_MATCH = YES;
				"CODE_SIGN_IDENTITY[sdk=iphoneos*]" = "iPhone Developer";
				COPY_PHASE_STRIP = NO;
				DEBUG_INFORMATION_FORMAT = dwarf;
				ENABLE_STRICT_OBJC_MSGSEND = YES;
				ENABLE_TESTABILITY = YES;
				GCC_C_LANGUAGE_STANDARD = gnu99;
				GCC_DYNAMIC_NO_PIC = NO;
				GCC_NO_COMMON_BLOCKS = YES;
				GCC_OPTIMIZATION_LEVEL = 0;
				GCC_PREPROCESSOR_DEFINITIONS = (
					"DEBUG=1",
					"$(inherited)",
				);
				GCC_WARN_64_TO_32_BIT_CONVERSION = YES;
				GCC_WARN_ABOUT_RETURN_TYPE = YES_ERROR;
				GCC_WARN_UNDECLARED_SELECTOR = YES;
				GCC_WARN_UNINITIALIZED_AUTOS = YES_AGGRESSIVE;
				GCC_WARN_UNUSED_FUNCTION = YES;
				GCC_WARN_UNUSED_VARIABLE = YES;
				IPHONEOS_DEPLOYMENT_TARGET = 9.2;
				MTL_ENABLE_DEBUG_INFO = YES;
				ONLY_ACTIVE_ARCH = YES;
				SDKROOT = iphoneos;
				SWIFT_OPTIMIZATION_LEVEL = "-Onone";
			};
			name = Debug;
		};
		7D9220401C91D2C2005599B7 /* Release */ = {
			isa = XCBuildConfiguration;
			buildSettings = {
				ALWAYS_SEARCH_USER_PATHS = NO;
				CLANG_CXX_LANGUAGE_STANDARD = "gnu++0x";
				CLANG_CXX_LIBRARY = "libc++";
				CLANG_ENABLE_MODULES = YES;
				CLANG_ENABLE_OBJC_ARC = YES;
				CLANG_WARN_BOOL_CONVERSION = YES;
				CLANG_WARN_CONSTANT_CONVERSION = YES;
				CLANG_WARN_DIRECT_OBJC_ISA_USAGE = YES_ERROR;
				CLANG_WARN_EMPTY_BODY = YES;
				CLANG_WARN_ENUM_CONVERSION = YES;
				CLANG_WARN_INT_CONVERSION = YES;
				CLANG_WARN_OBJC_ROOT_CLASS = YES_ERROR;
				CLANG_WARN_UNREACHABLE_CODE = YES;
				CLANG_WARN__DUPLICATE_METHOD_MATCH = YES;
				"CODE_SIGN_IDENTITY[sdk=iphoneos*]" = "iPhone Developer";
				COPY_PHASE_STRIP = NO;
				DEBUG_INFORMATION_FORMAT = "dwarf-with-dsym";
				ENABLE_NS_ASSERTIONS = NO;
				ENABLE_STRICT_OBJC_MSGSEND = YES;
				GCC_C_LANGUAGE_STANDARD = gnu99;
				GCC_NO_COMMON_BLOCKS = YES;
				GCC_WARN_64_TO_32_BIT_CONVERSION = YES;
				GCC_WARN_ABOUT_RETURN_TYPE = YES_ERROR;
				GCC_WARN_UNDECLARED_SELECTOR = YES;
				GCC_WARN_UNINITIALIZED_AUTOS = YES_AGGRESSIVE;
				GCC_WARN_UNUSED_FUNCTION = YES;
				GCC_WARN_UNUSED_VARIABLE = YES;
				IPHONEOS_DEPLOYMENT_TARGET = 9.2;
				MTL_ENABLE_DEBUG_INFO = NO;
				SDKROOT = iphoneos;
				VALIDATE_PRODUCT = YES;
			};
			name = Release;
		};
		7D9220421C91D2C2005599B7 /* Debug */ = {
			isa = XCBuildConfiguration;
			buildSettings = {
				ASSETCATALOG_COMPILER_APPICON_NAME = AppIcon;
				INFOPLIST_FILE = Midterm1/Info.plist;
				LD_RUNPATH_SEARCH_PATHS = "$(inherited) @executable_path/Frameworks";
				PRODUCT_BUNDLE_IDENTIFIER = jessie.Midterm1;
				PRODUCT_NAME = "$(TARGET_NAME)";
			};
			name = Debug;
		};
		7D9220431C91D2C2005599B7 /* Release */ = {
			isa = XCBuildConfiguration;
			buildSettings = {
				ASSETCATALOG_COMPILER_APPICON_NAME = AppIcon;
				INFOPLIST_FILE = Midterm1/Info.plist;
				LD_RUNPATH_SEARCH_PATHS = "$(inherited) @executable_path/Frameworks";
				PRODUCT_BUNDLE_IDENTIFIER = jessie.Midterm1;
				PRODUCT_NAME = "$(TARGET_NAME)";
			};
			name = Release;
		};
/* End XCBuildConfiguration section */

/* Begin XCConfigurationList section */
		7D92202A1C91D2C2005599B7 /* Build configuration list for PBXProject "Midterm1" */ = {
			isa = XCConfigurationList;
			buildConfigurations = (
				7D92203F1C91D2C2005599B7 /* Debug */,
				7D9220401C91D2C2005599B7 /* Release */,
			);
			defaultConfigurationIsVisible = 0;
			defaultConfigurationName = Release;
		};
		7D9220411C91D2C2005599B7 /* Build configuration list for PBXNativeTarget "Midterm1" */ = {
			isa = XCConfigurationList;
			buildConfigurations = (
				7D9220421C91D2C2005599B7 /* Debug */,
				7D9220431C91D2C2005599B7 /* Release */,
			);
			defaultConfigurationIsVisible = 0;
			defaultConfigurationName = Release;
		};
/* End XCConfigurationList section */
	};
	rootObject = 7D9220271C91D2C2005599B7 /* Project object */;
}
